// !$*UTF8*$!
{
	archiveVersion = 1;
	classes = {
	};
	objectVersion = 42;
	objects = {

/* Begin PBXAggregateTarget section */
		1B45A57F11CCA13000ED4663 /* Build gpgme */ = {
			isa = PBXAggregateTarget;
			buildConfigurationList = 1B45A59611CCA18000ED4663 /* Build configuration list for PBXAggregateTarget "Build gpgme" */;
			buildPhases = (
				1B45A57E11CCA13000ED4663 /* ShellScript */,
			);
			dependencies = (
			);
			name = "Build gpgme";
			productName = "Build gpgme";
		};
/* End PBXAggregateTarget section */

/* Begin PBXBuildFile section */
		1B1944C611CC282D0092B810 /* libassuan.a in Frameworks */ = {isa = PBXBuildFile; fileRef = 1B1944C511CC282D0092B810 /* libassuan.a */; };
		4B68559B087F451800859ACB /* GPGRemoteKey.h in Headers */ = {isa = PBXBuildFile; fileRef = 4B685599087F451800859ACB /* GPGRemoteKey.h */; settings = {ATTRIBUTES = (Public, ); }; };
		4B68559C087F451800859ACB /* GPGRemoteKey.m in Sources */ = {isa = PBXBuildFile; fileRef = 4B68559A087F451800859ACB /* GPGRemoteKey.m */; };
		4B6855E6087F4A6B00859ACB /* GPGRemoteUserID.h in Headers */ = {isa = PBXBuildFile; fileRef = 4B6855E4087F4A6B00859ACB /* GPGRemoteUserID.h */; settings = {ATTRIBUTES = (Public, ); }; };
		4B6855E7087F4A6B00859ACB /* GPGRemoteUserID.m in Sources */ = {isa = PBXBuildFile; fileRef = 4B6855E5087F4A6B00859ACB /* GPGRemoteUserID.m */; };
		4B6856FD088004DA00859ACB /* GPGKeyDefines.h in Headers */ = {isa = PBXBuildFile; fileRef = 4B6856FC088004DA00859ACB /* GPGKeyDefines.h */; settings = {ATTRIBUTES = (Public, ); }; };
		551DF4390B2886CF0061FE17 /* MacGPGMETestCase.m in Sources */ = {isa = PBXBuildFile; fileRef = 551DF4380B2886CF0061FE17 /* MacGPGMETestCase.m */; };
		551DF47B0B288DBF0061FE17 /* Foundation.framework in Frameworks */ = {isa = PBXBuildFile; fileRef = 0867D69BFE84028FC02AAC07 /* Foundation.framework */; };
		551DF5010B288E5C0061FE17 /* MacGPGME.framework in Frameworks */ = {isa = PBXBuildFile; fileRef = 554B55C0069F0111005E1C92 /* MacGPGME.framework */; };
		55226A940F053E4500CE3509 /* locale in Resources */ = {isa = PBXBuildFile; fileRef = 552269AB0F053E4400CE3509 /* locale */; };
		55226A9B0F053F7300CE3509 /* libintl.a in Frameworks */ = {isa = PBXBuildFile; fileRef = 55226A9A0F053F7300CE3509 /* libintl.a */; };
		5543FA93071493C4009979E9 /* GPGKeyGroup.h in Headers */ = {isa = PBXBuildFile; fileRef = 5543FA91071493C4009979E9 /* GPGKeyGroup.h */; settings = {ATTRIBUTES = (Public, ); }; };
		5543FA94071493C4009979E9 /* GPGKeyGroup.m in Sources */ = {isa = PBXBuildFile; fileRef = 5543FA92071493C4009979E9 /* GPGKeyGroup.m */; };
		5543FB080714A339009979E9 /* MacGPGME.framework in Frameworks */ = {isa = PBXBuildFile; fileRef = 554B55C0069F0111005E1C92 /* MacGPGME.framework */; };
		554B5591069F0111005E1C92 /* MacGPGME.h in Headers */ = {isa = PBXBuildFile; fileRef = 0BD178CF01298E177F000001 /* MacGPGME.h */; settings = {ATTRIBUTES = (Public, ); }; };
		554B5592069F0111005E1C92 /* GPGContext.h in Headers */ = {isa = PBXBuildFile; fileRef = 0BD178D001298E177F000001 /* GPGContext.h */; settings = {ATTRIBUTES = (Public, ); }; };
		554B5593069F0111005E1C92 /* GPGData.h in Headers */ = {isa = PBXBuildFile; fileRef = 0BD178D201298E177F000001 /* GPGData.h */; settings = {ATTRIBUTES = (Public, ); }; };
		554B5594069F0111005E1C92 /* GPGDefines.h in Headers */ = {isa = PBXBuildFile; fileRef = 0BD178D401298E177F000001 /* GPGDefines.h */; settings = {ATTRIBUTES = (Public, ); }; };
		554B5595069F0111005E1C92 /* GPGEngine.h in Headers */ = {isa = PBXBuildFile; fileRef = 0BD178D501298E177F000001 /* GPGEngine.h */; settings = {ATTRIBUTES = (Public, ); }; };
		554B5596069F0111005E1C92 /* GPGExceptions.h in Headers */ = {isa = PBXBuildFile; fileRef = 0BD178D701298E177F000001 /* GPGExceptions.h */; settings = {ATTRIBUTES = (Public, ); }; };
		554B5597069F0111005E1C92 /* GPGInternals.h in Headers */ = {isa = PBXBuildFile; fileRef = 0BD178D901298E177F000001 /* GPGInternals.h */; settings = {ATTRIBUTES = (Private, ); }; };
		554B5598069F0111005E1C92 /* GPGKey.h in Headers */ = {isa = PBXBuildFile; fileRef = 0BD178DA01298E177F000001 /* GPGKey.h */; settings = {ATTRIBUTES = (Public, ); }; };
		554B5599069F0111005E1C92 /* GPGObject.h in Headers */ = {isa = PBXBuildFile; fileRef = 0BD178DC01298E177F000001 /* GPGObject.h */; settings = {ATTRIBUTES = (Public, ); }; };
		554B559A069F0111005E1C92 /* GPGTrustItem.h in Headers */ = {isa = PBXBuildFile; fileRef = 0BD178E001298E177F000001 /* GPGTrustItem.h */; settings = {ATTRIBUTES = (Public, ); }; };
		554B559B069F0111005E1C92 /* GPGSignature.h in Headers */ = {isa = PBXBuildFile; fileRef = F5F6E05602E18E8B01000002 /* GPGSignature.h */; settings = {ATTRIBUTES = (Public, ); }; };
		554B559C069F0111005E1C92 /* GPGPrettyInfo.h in Headers */ = {isa = PBXBuildFile; fileRef = F549FD5602BFA3AB0128824A /* GPGPrettyInfo.h */; settings = {ATTRIBUTES = (Public, ); }; };
		554B559D069F0111005E1C92 /* LocalizableStrings.h in Headers */ = {isa = PBXBuildFile; fileRef = F55CD03B02D65F9C01C07EFC /* LocalizableStrings.h */; settings = {ATTRIBUTES = (Private, ); }; };
		554B559E069F0111005E1C92 /* GPGKeySignature.h in Headers */ = {isa = PBXBuildFile; fileRef = 55627BD203BB4FD000000001 /* GPGKeySignature.h */; settings = {ATTRIBUTES = (Public, ); }; };
		554B559F069F0111005E1C92 /* GPGUserID.h in Headers */ = {isa = PBXBuildFile; fileRef = 55627BD603BC654000000001 /* GPGUserID.h */; settings = {ATTRIBUTES = (Public, ); }; };
		554B55A0069F0111005E1C92 /* GPGSubkey.h in Headers */ = {isa = PBXBuildFile; fileRef = 551033F104C1912B00000001 /* GPGSubkey.h */; settings = {ATTRIBUTES = (Public, ); }; };
		554B55A2069F0111005E1C92 /* GPGAsyncHelper.h in Headers */ = {isa = PBXBuildFile; fileRef = 554F654A062ADCB000BF2446 /* GPGAsyncHelper.h */; };
		554B55A4069F0111005E1C92 /* InfoPlist.strings in Resources */ = {isa = PBXBuildFile; fileRef = 089C1666FE841158C02AAC07 /* InfoPlist.strings */; };
		554B55A5069F0111005E1C92 /* Localizable.strings in Resources */ = {isa = PBXBuildFile; fileRef = F55CD03802D65F6201C07EFC /* Localizable.strings */; };
		554B55AA069F0111005E1C92 /* GPGContext.m in Sources */ = {isa = PBXBuildFile; fileRef = 0BD178D101298E177F000001 /* GPGContext.m */; };
		554B55AB069F0111005E1C92 /* GPGData.m in Sources */ = {isa = PBXBuildFile; fileRef = 0BD178D301298E177F000001 /* GPGData.m */; };
		554B55AC069F0111005E1C92 /* GPGEngine.m in Sources */ = {isa = PBXBuildFile; fileRef = 0BD178D601298E177F000001 /* GPGEngine.m */; };
		554B55AD069F0111005E1C92 /* GPGExceptions.m in Sources */ = {isa = PBXBuildFile; fileRef = 0BD178D801298E177F000001 /* GPGExceptions.m */; };
		554B55AE069F0111005E1C92 /* GPGKey.m in Sources */ = {isa = PBXBuildFile; fileRef = 0BD178DB01298E177F000001 /* GPGKey.m */; };
		554B55AF069F0111005E1C92 /* GPGObject.m in Sources */ = {isa = PBXBuildFile; fileRef = 0BD178DD01298E177F000001 /* GPGObject.m */; };
		554B55B0069F0111005E1C92 /* GPGTrustItem.m in Sources */ = {isa = PBXBuildFile; fileRef = 0BD178E101298E177F000001 /* GPGTrustItem.m */; };
		554B55B1069F0111005E1C92 /* GPGSignature.m in Sources */ = {isa = PBXBuildFile; fileRef = F5F6E05702E18E8B01000002 /* GPGSignature.m */; };
		554B55B2069F0111005E1C92 /* GPGPrettyInfo.m in Sources */ = {isa = PBXBuildFile; fileRef = F549FD5702BFA3AB0128824A /* GPGPrettyInfo.m */; };
		554B55B3069F0111005E1C92 /* LocalizableStrings.m in Sources */ = {isa = PBXBuildFile; fileRef = F55CD03C02D65F9C01C07EFC /* LocalizableStrings.m */; };
		554B55B4069F0111005E1C92 /* GPGKeySignature.m in Sources */ = {isa = PBXBuildFile; fileRef = 55627BD303BB4FD000000001 /* GPGKeySignature.m */; };
		554B55B5069F0111005E1C92 /* GPGUserID.m in Sources */ = {isa = PBXBuildFile; fileRef = 55627BD703BC654000000001 /* GPGUserID.m */; };
		554B55B6069F0111005E1C92 /* GPGSubkey.m in Sources */ = {isa = PBXBuildFile; fileRef = 551033F204C1912B00000001 /* GPGSubkey.m */; };
		554B55B8069F0111005E1C92 /* GPGAsyncHelper.m in Sources */ = {isa = PBXBuildFile; fileRef = 554F654B062ADCB000BF2446 /* GPGAsyncHelper.m */; };
		554B55BA069F0111005E1C92 /* Foundation.framework in Frameworks */ = {isa = PBXBuildFile; fileRef = 0867D69BFE84028FC02AAC07 /* Foundation.framework */; };
		554B55DC069F0245005E1C92 /* CheckMark.tiff in Resources */ = {isa = PBXBuildFile; fileRef = F550BC500201F2BB01A80016 /* CheckMark.tiff */; };
		554B55DD069F0245005E1C92 /* GPGTester.nib in Resources */ = {isa = PBXBuildFile; fileRef = F550BC550201F2BB01A80016 /* GPGTester.nib */; };
		554B55DE069F0245005E1C92 /* InfoPlist.strings in Resources */ = {isa = PBXBuildFile; fileRef = F550BC580201F2BB01A80016 /* InfoPlist.strings */; };
		554B55E2069F0245005E1C92 /* Controller.m in Sources */ = {isa = PBXBuildFile; fileRef = F550BC4E0201F2BB01A80016 /* Controller.m */; };
		554B55E3069F0245005E1C92 /* GPGTester_main.m in Sources */ = {isa = PBXBuildFile; fileRef = F550BC680201F49001A80016 /* GPGTester_main.m */; };
		554B55E6069F0245005E1C92 /* Cocoa.framework in Frameworks */ = {isa = PBXBuildFile; fileRef = 1058C7B1FEA5585E11CA2CBB /* Cocoa.framework */; };
		554CA68F08F9608F00E135BC /* GPGSignatureNotation.h in Headers */ = {isa = PBXBuildFile; fileRef = 554CA68D08F9608F00E135BC /* GPGSignatureNotation.h */; settings = {ATTRIBUTES = (Public, ); }; };
		554CA69008F9608F00E135BC /* GPGSignatureNotation.m in Sources */ = {isa = PBXBuildFile; fileRef = 554CA68E08F9608F00E135BC /* GPGSignatureNotation.m */; };
		555E7F7107A311A500B1F725 /* MacGPGME.framework in CopyFiles */ = {isa = PBXBuildFile; fileRef = 554B55C0069F0111005E1C92 /* MacGPGME.framework */; };
		556012E009BB3C0800B31634 /* libgpg-error.a in Frameworks */ = {isa = PBXBuildFile; fileRef = 556012DE09BB3C0800B31634 /* libgpg-error.a */; };
		556012E109BB3C0800B31634 /* libgpgme-pthread.a in Frameworks */ = {isa = PBXBuildFile; fileRef = 556012DF09BB3C0800B31634 /* libgpgme-pthread.a */; };
		556012E709BB3C6A00B31634 /* libiconv.dylib in Frameworks */ = {isa = PBXBuildFile; fileRef = 556012E609BB3C6A00B31634 /* libiconv.dylib */; };
		5587C98007A2E96400F17B27 /* AddressBook.framework in Frameworks */ = {isa = PBXBuildFile; fileRef = 5587C97F07A2E96400F17B27 /* AddressBook.framework */; };
		55B5189607AC37A6005C1DB3 /* MacGPGME_Prefix.pch in Headers */ = {isa = PBXBuildFile; fileRef = 55B5189507AC37A6005C1DB3 /* MacGPGME_Prefix.pch */; };
		55B964A607A3BA9A0060059A /* COPYING.LESSER in Resources */ = {isa = PBXBuildFile; fileRef = 55C6D0E20795C2CD007186C6 /* COPYING.LESSER */; };
		55BDD1CD0D954B3C0083C540 /* GPGOptions.h in Headers */ = {isa = PBXBuildFile; fileRef = 55BDD1CB0D954B3C0083C540 /* GPGOptions.h */; settings = {ATTRIBUTES = (Public, ); }; };
		55BDD1CE0D954B3C0083C540 /* GPGOptions.m in Sources */ = {isa = PBXBuildFile; fileRef = 55BDD1CC0D954B3C0083C540 /* GPGOptions.m */; };
		55C01A6C0DB0FA9D00EA8CD5 /* GPGEngineHelper.h in Headers */ = {isa = PBXBuildFile; fileRef = 55C01A6A0DB0FA9D00EA8CD5 /* GPGEngineHelper.h */; };
		55C01A6D0DB0FA9D00EA8CD5 /* GPGEngineHelper.m in Sources */ = {isa = PBXBuildFile; fileRef = 55C01A6B0DB0FA9D00EA8CD5 /* GPGEngineHelper.m */; };
/* End PBXBuildFile section */

/* Begin PBXContainerItemProxy section */
		1B45A58611CCA15E00ED4663 /* PBXContainerItemProxy */ = {
			isa = PBXContainerItemProxy;
			containerPortal = 0867D690FE84028FC02AAC07 /* Project object */;
			proxyType = 1;
			remoteGlobalIDString = 1B45A57F11CCA13000ED4663;
			remoteInfo = "Build gpgme";
		};
		551DF4320B2886570061FE17 /* PBXContainerItemProxy */ = {
			isa = PBXContainerItemProxy;
			containerPortal = 0867D690FE84028FC02AAC07 /* Project object */;
			proxyType = 1;
			remoteGlobalIDString = 554B558F069F0111005E1C92;
			remoteInfo = MacGPGME;
		};
		554B55ED069F025E005E1C92 /* PBXContainerItemProxy */ = {
			isa = PBXContainerItemProxy;
			containerPortal = 0867D690FE84028FC02AAC07 /* Project object */;
			proxyType = 1;
			remoteGlobalIDString = 554B558F069F0111005E1C92;
			remoteInfo = "MacGPGME (Upgraded)";
		};
/* End PBXContainerItemProxy section */

/* Begin PBXCopyFilesBuildPhase section */
		554B55DF069F0245005E1C92 /* CopyFiles */ = {
			isa = PBXCopyFilesBuildPhase;
			buildActionMask = 2147483647;
			dstPath = "";
			dstSubfolderSpec = 10;
			files = (
				555E7F7107A311A500B1F725 /* MacGPGME.framework in CopyFiles */,
			);
			runOnlyForDeploymentPostprocessing = 0;
		};
/* End PBXCopyFilesBuildPhase section */

/* Begin PBXFileReference section */
		0867D69BFE84028FC02AAC07 /* Foundation.framework */ = {isa = PBXFileReference; lastKnownFileType = wrapper.framework; name = Foundation.framework; path = /System/Library/Frameworks/Foundation.framework; sourceTree = "<absolute>"; };
		0867D6A5FE840307C02AAC07 /* AppKit.framework */ = {isa = PBXFileReference; lastKnownFileType = wrapper.framework; name = AppKit.framework; path = /System/Library/Frameworks/AppKit.framework; sourceTree = "<absolute>"; };
		089C1667FE841158C02AAC07 /* English */ = {isa = PBXFileReference; fileEncoding = 4; lastKnownFileType = text.plist.strings; name = English; path = English.lproj/InfoPlist.strings; sourceTree = "<group>"; };
		0BD178CF01298E177F000001 /* MacGPGME.h */ = {isa = PBXFileReference; fileEncoding = 4; lastKnownFileType = sourcecode.c.h; path = MacGPGME.h; sourceTree = "<group>"; };
		0BD178D001298E177F000001 /* GPGContext.h */ = {isa = PBXFileReference; fileEncoding = 4; lastKnownFileType = sourcecode.c.h; path = GPGContext.h; sourceTree = "<group>"; };
		0BD178D101298E177F000001 /* GPGContext.m */ = {isa = PBXFileReference; fileEncoding = 4; lastKnownFileType = sourcecode.c.objc; path = GPGContext.m; sourceTree = "<group>"; };
		0BD178D201298E177F000001 /* GPGData.h */ = {isa = PBXFileReference; fileEncoding = 4; lastKnownFileType = sourcecode.c.h; path = GPGData.h; sourceTree = "<group>"; };
		0BD178D301298E177F000001 /* GPGData.m */ = {isa = PBXFileReference; fileEncoding = 4; lastKnownFileType = sourcecode.c.objc; path = GPGData.m; sourceTree = "<group>"; };
		0BD178D401298E177F000001 /* GPGDefines.h */ = {isa = PBXFileReference; fileEncoding = 4; lastKnownFileType = sourcecode.c.h; path = GPGDefines.h; sourceTree = "<group>"; };
		0BD178D501298E177F000001 /* GPGEngine.h */ = {isa = PBXFileReference; fileEncoding = 4; lastKnownFileType = sourcecode.c.h; path = GPGEngine.h; sourceTree = "<group>"; };
		0BD178D601298E177F000001 /* GPGEngine.m */ = {isa = PBXFileReference; fileEncoding = 4; lastKnownFileType = sourcecode.c.objc; path = GPGEngine.m; sourceTree = "<group>"; };
		0BD178D701298E177F000001 /* GPGExceptions.h */ = {isa = PBXFileReference; fileEncoding = 4; lastKnownFileType = sourcecode.c.h; path = GPGExceptions.h; sourceTree = "<group>"; };
		0BD178D801298E177F000001 /* GPGExceptions.m */ = {isa = PBXFileReference; fileEncoding = 4; lastKnownFileType = sourcecode.c.objc; path = GPGExceptions.m; sourceTree = "<group>"; };
		0BD178D901298E177F000001 /* GPGInternals.h */ = {isa = PBXFileReference; fileEncoding = 4; lastKnownFileType = sourcecode.c.h; path = GPGInternals.h; sourceTree = "<group>"; };
		0BD178DA01298E177F000001 /* GPGKey.h */ = {isa = PBXFileReference; fileEncoding = 4; lastKnownFileType = sourcecode.c.h; path = GPGKey.h; sourceTree = "<group>"; };
		0BD178DB01298E177F000001 /* GPGKey.m */ = {isa = PBXFileReference; fileEncoding = 4; lastKnownFileType = sourcecode.c.objc; path = GPGKey.m; sourceTree = "<group>"; };
		0BD178DC01298E177F000001 /* GPGObject.h */ = {isa = PBXFileReference; fileEncoding = 4; lastKnownFileType = sourcecode.c.h; path = GPGObject.h; sourceTree = "<group>"; };
		0BD178DD01298E177F000001 /* GPGObject.m */ = {isa = PBXFileReference; fileEncoding = 4; lastKnownFileType = sourcecode.c.objc; path = GPGObject.m; sourceTree = "<group>"; };
		0BD178E001298E177F000001 /* GPGTrustItem.h */ = {isa = PBXFileReference; fileEncoding = 4; lastKnownFileType = sourcecode.c.h; path = GPGTrustItem.h; sourceTree = "<group>"; };
		0BD178E101298E177F000001 /* GPGTrustItem.m */ = {isa = PBXFileReference; fileEncoding = 4; lastKnownFileType = sourcecode.c.objc; path = GPGTrustItem.m; sourceTree = "<group>"; };
		0BD1790F012998187F000001 /* gpgme.h */ = {isa = PBXFileReference; fileEncoding = 4; lastKnownFileType = sourcecode.c.h; name = gpgme.h; path = build/dist/include/gpgme.h; sourceTree = SOURCE_ROOT; };
		1058C7B1FEA5585E11CA2CBB /* Cocoa.framework */ = {isa = PBXFileReference; lastKnownFileType = wrapper.framework; name = Cocoa.framework; path = /System/Library/Frameworks/Cocoa.framework; sourceTree = "<absolute>"; };
		1B1944C511CC282D0092B810 /* libassuan.a */ = {isa = PBXFileReference; lastKnownFileType = archive.ar; name = libassuan.a; path = build/dist/lib/libassuan.a; sourceTree = SOURCE_ROOT; };
		4B685599087F451800859ACB /* GPGRemoteKey.h */ = {isa = PBXFileReference; fileEncoding = 4; lastKnownFileType = sourcecode.c.h; path = GPGRemoteKey.h; sourceTree = "<group>"; };
		4B68559A087F451800859ACB /* GPGRemoteKey.m */ = {isa = PBXFileReference; fileEncoding = 4; lastKnownFileType = sourcecode.c.objc; path = GPGRemoteKey.m; sourceTree = "<group>"; };
		4B6855E4087F4A6B00859ACB /* GPGRemoteUserID.h */ = {isa = PBXFileReference; fileEncoding = 4; lastKnownFileType = sourcecode.c.h; path = GPGRemoteUserID.h; sourceTree = "<group>"; };
		4B6855E5087F4A6B00859ACB /* GPGRemoteUserID.m */ = {isa = PBXFileReference; fileEncoding = 4; lastKnownFileType = sourcecode.c.objc; path = GPGRemoteUserID.m; sourceTree = "<group>"; };
		4B6856FC088004DA00859ACB /* GPGKeyDefines.h */ = {isa = PBXFileReference; fileEncoding = 4; lastKnownFileType = sourcecode.c.h; path = GPGKeyDefines.h; sourceTree = "<group>"; };
		551033EF04C190E500000001 /* gpg-error.h */ = {isa = PBXFileReference; fileEncoding = 30; lastKnownFileType = sourcecode.c.h; name = "gpg-error.h"; path = "build/dist/include/gpg-error.h"; sourceTree = "<group>"; };
		551033F004C1911000000001 /* frameworkEmbedding.sh */ = {isa = PBXFileReference; fileEncoding = 30; lastKnownFileType = text.script.sh; path = frameworkEmbedding.sh; sourceTree = "<group>"; };
		551033F104C1912B00000001 /* GPGSubkey.h */ = {isa = PBXFileReference; fileEncoding = 30; lastKnownFileType = sourcecode.c.h; path = GPGSubkey.h; sourceTree = "<group>"; };
		551033F204C1912B00000001 /* GPGSubkey.m */ = {isa = PBXFileReference; fileEncoding = 30; lastKnownFileType = sourcecode.c.objc; path = GPGSubkey.m; sourceTree = "<group>"; };
		551033F504C1915A00000001 /* TODO */ = {isa = PBXFileReference; fileEncoding = 30; lastKnownFileType = text; path = TODO; sourceTree = "<group>"; };
		551DF42B0B2886420061FE17 /* MacGPGMETesting.octest */ = {isa = PBXFileReference; explicitFileType = wrapper.cfbundle; includeInIndex = 0; path = MacGPGMETesting.octest; sourceTree = BUILT_PRODUCTS_DIR; };
		551DF42C0B2886420061FE17 /* MacGPGMETesting-Info.plist */ = {isa = PBXFileReference; lastKnownFileType = text.plist.xml; path = "MacGPGMETesting-Info.plist"; sourceTree = "<group>"; };
		551DF4370B2886CF0061FE17 /* MacGPGMETestCase.h */ = {isa = PBXFileReference; fileEncoding = 4; lastKnownFileType = sourcecode.c.h; path = MacGPGMETestCase.h; sourceTree = "<group>"; };
		551DF4380B2886CF0061FE17 /* MacGPGMETestCase.m */ = {isa = PBXFileReference; fileEncoding = 4; lastKnownFileType = sourcecode.c.objc; path = MacGPGMETestCase.m; sourceTree = "<group>"; };
		552269AB0F053E4400CE3509 /* locale */ = {isa = PBXFileReference; lastKnownFileType = folder; name = locale; path = build/dist/share/locale; sourceTree = SOURCE_ROOT; };
		55226A9A0F053F7300CE3509 /* libintl.a */ = {isa = PBXFileReference; lastKnownFileType = archive.ar; name = libintl.a; path = build/dist/lib/libintl.a; sourceTree = SOURCE_ROOT; };
		5543FA91071493C4009979E9 /* GPGKeyGroup.h */ = {isa = PBXFileReference; fileEncoding = 4; lastKnownFileType = sourcecode.c.h; path = GPGKeyGroup.h; sourceTree = "<group>"; };
		5543FA92071493C4009979E9 /* GPGKeyGroup.m */ = {isa = PBXFileReference; fileEncoding = 4; lastKnownFileType = sourcecode.c.objc; path = GPGKeyGroup.m; sourceTree = "<group>"; };
		554B55BF069F0111005E1C92 /* Info-MacGPGME.plist */ = {isa = PBXFileReference; fileEncoding = 4; lastKnownFileType = text.plist.xml; path = "Info-MacGPGME.plist"; sourceTree = "<group>"; };
		554B55C0069F0111005E1C92 /* MacGPGME.framework */ = {isa = PBXFileReference; explicitFileType = wrapper.framework; includeInIndex = 0; path = MacGPGME.framework; sourceTree = BUILT_PRODUCTS_DIR; };
		554B55EA069F0245005E1C92 /* Info-GPGTester.plist */ = {isa = PBXFileReference; fileEncoding = 4; lastKnownFileType = text.plist.xml; path = "Info-GPGTester.plist"; sourceTree = "<group>"; };
		554B55EB069F0245005E1C92 /* GPGTester.app */ = {isa = PBXFileReference; explicitFileType = wrapper.application; includeInIndex = 0; path = GPGTester.app; sourceTree = BUILT_PRODUCTS_DIR; };
		554CA68D08F9608F00E135BC /* GPGSignatureNotation.h */ = {isa = PBXFileReference; fileEncoding = 4; lastKnownFileType = sourcecode.c.h; path = GPGSignatureNotation.h; sourceTree = "<group>"; };
		554CA68E08F9608F00E135BC /* GPGSignatureNotation.m */ = {isa = PBXFileReference; fileEncoding = 4; lastKnownFileType = sourcecode.c.objc; path = GPGSignatureNotation.m; sourceTree = "<group>"; };
		554F654A062ADCB000BF2446 /* GPGAsyncHelper.h */ = {isa = PBXFileReference; fileEncoding = 4; lastKnownFileType = sourcecode.c.h; path = GPGAsyncHelper.h; sourceTree = "<group>"; };
		554F654B062ADCB000BF2446 /* GPGAsyncHelper.m */ = {isa = PBXFileReference; fileEncoding = 4; lastKnownFileType = sourcecode.c.objc; path = GPGAsyncHelper.m; sourceTree = "<group>"; };
		556012DE09BB3C0800B31634 /* libgpg-error.a */ = {isa = PBXFileReference; lastKnownFileType = archive.ar; name = "libgpg-error.a"; path = "build/dist/lib/libgpg-error.a"; sourceTree = SOURCE_ROOT; };
		556012DF09BB3C0800B31634 /* libgpgme-pthread.a */ = {isa = PBXFileReference; lastKnownFileType = archive.ar; name = "libgpgme-pthread.a"; path = "build/dist/lib/libgpgme-pthread.a"; sourceTree = SOURCE_ROOT; };
		556012E609BB3C6A00B31634 /* libiconv.dylib */ = {isa = PBXFileReference; lastKnownFileType = "compiled.mach-o.dylib"; name = libiconv.dylib; path = /usr/lib/libiconv.dylib; sourceTree = "<absolute>"; };
		55627BD203BB4FD000000001 /* GPGKeySignature.h */ = {isa = PBXFileReference; fileEncoding = 4; lastKnownFileType = sourcecode.c.h; path = GPGKeySignature.h; sourceTree = "<group>"; };
		55627BD303BB4FD000000001 /* GPGKeySignature.m */ = {isa = PBXFileReference; fileEncoding = 4; lastKnownFileType = sourcecode.c.objc; path = GPGKeySignature.m; sourceTree = "<group>"; };
		55627BD603BC654000000001 /* GPGUserID.h */ = {isa = PBXFileReference; fileEncoding = 4; lastKnownFileType = sourcecode.c.h; path = GPGUserID.h; sourceTree = "<group>"; };
		55627BD703BC654000000001 /* GPGUserID.m */ = {isa = PBXFileReference; fileEncoding = 4; lastKnownFileType = sourcecode.c.objc; path = GPGUserID.m; sourceTree = "<group>"; };
		5575766D093F9964008EE5CC /* headerDoc2HTML.config */ = {isa = PBXFileReference; fileEncoding = 30; lastKnownFileType = text; path = headerDoc2HTML.config; sourceTree = "<group>"; };
		55757BCC094E2E85008EE5CC /* DocExternalReferences.xref */ = {isa = PBXFileReference; fileEncoding = 30; lastKnownFileType = text; path = DocExternalReferences.xref; sourceTree = "<group>"; };
		5587C97F07A2E96400F17B27 /* AddressBook.framework */ = {isa = PBXFileReference; lastKnownFileType = wrapper.framework; name = AddressBook.framework; path = /System/Library/Frameworks/AddressBook.framework; sourceTree = "<absolute>"; };
		55B5189507AC37A6005C1DB3 /* MacGPGME_Prefix.pch */ = {isa = PBXFileReference; fileEncoding = 4; lastKnownFileType = sourcecode.c.h; path = MacGPGME_Prefix.pch; sourceTree = "<group>"; };
		55BDD1CB0D954B3C0083C540 /* GPGOptions.h */ = {isa = PBXFileReference; fileEncoding = 4; lastKnownFileType = sourcecode.c.h; path = GPGOptions.h; sourceTree = "<group>"; };
		55BDD1CC0D954B3C0083C540 /* GPGOptions.m */ = {isa = PBXFileReference; fileEncoding = 4; lastKnownFileType = sourcecode.c.objc; path = GPGOptions.m; sourceTree = "<group>"; };
		55C01A6A0DB0FA9D00EA8CD5 /* GPGEngineHelper.h */ = {isa = PBXFileReference; fileEncoding = 4; lastKnownFileType = sourcecode.c.h; path = GPGEngineHelper.h; sourceTree = "<group>"; };
		55C01A6B0DB0FA9D00EA8CD5 /* GPGEngineHelper.m */ = {isa = PBXFileReference; fileEncoding = 4; lastKnownFileType = sourcecode.c.objc; path = GPGEngineHelper.m; sourceTree = "<group>"; };
		55C6D0E20795C2CD007186C6 /* COPYING.LESSER */ = {isa = PBXFileReference; fileEncoding = 12; lastKnownFileType = text; path = COPYING.LESSER; sourceTree = "<group>"; };
		55FCC5C0093F9339005A146B /* MacGPGME.hdoc */ = {isa = PBXFileReference; fileEncoding = 4; lastKnownFileType = text; path = MacGPGME.hdoc; sourceTree = "<group>"; };
		7F7B9541042B59C40028F28B /* Danish */ = {isa = PBXFileReference; fileEncoding = 4; lastKnownFileType = text.plist.strings; name = Danish; path = Danish.lproj/InfoPlist.strings; sourceTree = "<group>"; };
		7F7B9542042B59C40028F28B /* Danish */ = {isa = PBXFileReference; fileEncoding = 4; lastKnownFileType = text.plist.strings; name = Danish; path = Danish.lproj/Localizable.strings; sourceTree = "<group>"; };
		7FA06EA603E842E1002884EA /* Italian */ = {isa = PBXFileReference; fileEncoding = 4; lastKnownFileType = text.plist.strings; name = Italian; path = Italian.lproj/InfoPlist.strings; sourceTree = "<group>"; };
		7FA06EA703E842E1002884EA /* Italian */ = {isa = PBXFileReference; fileEncoding = 4; lastKnownFileType = text.plist.strings; name = Italian; path = Italian.lproj/Localizable.strings; sourceTree = "<group>"; };
		F549FD5602BFA3AB0128824A /* GPGPrettyInfo.h */ = {isa = PBXFileReference; fileEncoding = 4; lastKnownFileType = sourcecode.c.h; path = GPGPrettyInfo.h; sourceTree = "<group>"; };
		F549FD5702BFA3AB0128824A /* GPGPrettyInfo.m */ = {isa = PBXFileReference; fileEncoding = 4; lastKnownFileType = sourcecode.c.objc; path = GPGPrettyInfo.m; sourceTree = "<group>"; };
		F550BC4D0201F2BB01A80016 /* Controller.h */ = {isa = PBXFileReference; fileEncoding = 4; lastKnownFileType = sourcecode.c.h; name = Controller.h; path = GPGTester/Controller.h; sourceTree = "<group>"; };
		F550BC4E0201F2BB01A80016 /* Controller.m */ = {isa = PBXFileReference; fileEncoding = 4; lastKnownFileType = sourcecode.c.objc; name = Controller.m; path = GPGTester/Controller.m; sourceTree = "<group>"; };
		F550BC500201F2BB01A80016 /* CheckMark.tiff */ = {isa = PBXFileReference; lastKnownFileType = image.tiff; name = CheckMark.tiff; path = GPGTester/CheckMark.tiff; sourceTree = "<group>"; };
		F550BC570201F2BB01A80016 /* English */ = {isa = PBXFileReference; lastKnownFileType = wrapper.nib; name = English; path = GPGTester/English.lproj/GPGTester.nib; sourceTree = "<group>"; };
		F550BC590201F2BB01A80016 /* English */ = {isa = PBXFileReference; fileEncoding = 4; lastKnownFileType = text.plist.strings; name = English; path = GPGTester/English.lproj/InfoPlist.strings; sourceTree = "<group>"; };
		F550BC640201F30B01A80016 /* NOTES */ = {isa = PBXFileReference; fileEncoding = 4; lastKnownFileType = text; name = NOTES; path = GPGTester/NOTES; sourceTree = "<group>"; };
		F550BC680201F49001A80016 /* GPGTester_main.m */ = {isa = PBXFileReference; fileEncoding = 4; lastKnownFileType = sourcecode.c.objc; name = GPGTester_main.m; path = GPGTester/GPGTester_main.m; sourceTree = "<group>"; };
		F55CD03902D65F6201C07EFC /* English */ = {isa = PBXFileReference; fileEncoding = 4; lastKnownFileType = text.plist.strings; name = English; path = English.lproj/Localizable.strings; sourceTree = "<group>"; };
		F55CD03B02D65F9C01C07EFC /* LocalizableStrings.h */ = {isa = PBXFileReference; fileEncoding = 4; lastKnownFileType = sourcecode.c.h; path = LocalizableStrings.h; sourceTree = "<group>"; };
		F55CD03C02D65F9C01C07EFC /* LocalizableStrings.m */ = {isa = PBXFileReference; fileEncoding = 4; lastKnownFileType = sourcecode.c.objc; path = LocalizableStrings.m; sourceTree = "<group>"; };
		F56F791C012E3F8001000001 /* README */ = {isa = PBXFileReference; fileEncoding = 4; lastKnownFileType = text; path = README; sourceTree = "<group>"; };
		F5A699FB0306A54D01000104 /* French */ = {isa = PBXFileReference; fileEncoding = 4; lastKnownFileType = text.plist.strings; name = French; path = French.lproj/InfoPlist.strings; sourceTree = "<group>"; };
		F5A699FC0306A54D01000104 /* German */ = {isa = PBXFileReference; fileEncoding = 4; lastKnownFileType = text.plist.strings; name = German; path = German.lproj/InfoPlist.strings; sourceTree = "<group>"; };
		F5A699FD0306A54D01000104 /* Swedish */ = {isa = PBXFileReference; fileEncoding = 4; lastKnownFileType = text.plist.strings; name = Swedish; path = Swedish.lproj/InfoPlist.strings; sourceTree = "<group>"; };
		F5A699FE0306A54D01000104 /* French */ = {isa = PBXFileReference; fileEncoding = 4; lastKnownFileType = text.plist.strings; name = French; path = French.lproj/Localizable.strings; sourceTree = "<group>"; };
		F5A699FF0306A54D01000104 /* German */ = {isa = PBXFileReference; fileEncoding = 4; lastKnownFileType = text.plist.strings; name = German; path = German.lproj/Localizable.strings; sourceTree = "<group>"; };
		F5A69A000306A54D01000104 /* Swedish */ = {isa = PBXFileReference; fileEncoding = 4; lastKnownFileType = text.plist.strings; name = Swedish; path = Swedish.lproj/Localizable.strings; sourceTree = "<group>"; };
		F5AD059502F2E74B0128824A /* Spanish */ = {isa = PBXFileReference; fileEncoding = 4; lastKnownFileType = text.plist.strings; name = Spanish; path = Spanish.lproj/InfoPlist.strings; sourceTree = "<group>"; };
		F5AD059602F2E74B0128824A /* Spanish */ = {isa = PBXFileReference; fileEncoding = 4; lastKnownFileType = text.plist.strings; name = Spanish; path = Spanish.lproj/Localizable.strings; sourceTree = "<group>"; };
		F5F6E05602E18E8B01000002 /* GPGSignature.h */ = {isa = PBXFileReference; fileEncoding = 4; lastKnownFileType = sourcecode.c.h; path = GPGSignature.h; sourceTree = "<group>"; };
		F5F6E05702E18E8B01000002 /* GPGSignature.m */ = {isa = PBXFileReference; fileEncoding = 4; lastKnownFileType = sourcecode.c.objc; path = GPGSignature.m; sourceTree = "<group>"; };
/* End PBXFileReference section */

/* Begin PBXFrameworksBuildPhase section */
		551DF4280B2886420061FE17 /* Frameworks */ = {
			isa = PBXFrameworksBuildPhase;
			buildActionMask = 2147483647;
			files = (
				551DF47B0B288DBF0061FE17 /* Foundation.framework in Frameworks */,
				551DF5010B288E5C0061FE17 /* MacGPGME.framework in Frameworks */,
			);
			runOnlyForDeploymentPostprocessing = 0;
		};
		554B55B9069F0111005E1C92 /* Frameworks */ = {
			isa = PBXFrameworksBuildPhase;
			buildActionMask = 2147483647;
			files = (
				554B55BA069F0111005E1C92 /* Foundation.framework in Frameworks */,
				556012E009BB3C0800B31634 /* libgpg-error.a in Frameworks */,
				556012E109BB3C0800B31634 /* libgpgme-pthread.a in Frameworks */,
				556012E709BB3C6A00B31634 /* libiconv.dylib in Frameworks */,
				55226A9B0F053F7300CE3509 /* libintl.a in Frameworks */,
				1B1944C611CC282D0092B810 /* libassuan.a in Frameworks */,
			);
			runOnlyForDeploymentPostprocessing = 0;
		};
		554B55E4069F0245005E1C92 /* Frameworks */ = {
			isa = PBXFrameworksBuildPhase;
			buildActionMask = 2147483647;
			files = (
				5543FB080714A339009979E9 /* MacGPGME.framework in Frameworks */,
				554B55E6069F0245005E1C92 /* Cocoa.framework in Frameworks */,
				5587C98007A2E96400F17B27 /* AddressBook.framework in Frameworks */,
			);
			runOnlyForDeploymentPostprocessing = 0;
		};
/* End PBXFrameworksBuildPhase section */

/* Begin PBXGroup section */
		034768DFFF38A50411DB9C8B /* Products */ = {
			isa = PBXGroup;
			children = (
				554B55C0069F0111005E1C92 /* MacGPGME.framework */,
				554B55EB069F0245005E1C92 /* GPGTester.app */,
				551DF42B0B2886420061FE17 /* MacGPGMETesting.octest */,
			);
			name = Products;
			sourceTree = "<group>";
		};
		0867D691FE84028FC02AAC07 /* GPG */ = {
			isa = PBXGroup;
			children = (
				55B5189507AC37A6005C1DB3 /* MacGPGME_Prefix.pch */,
				F550BC4A0201F2BB01A80016 /* GPGTester */,
				F56F791B012E3F8001000001 /* Documentation */,
				0BD1790F012998187F000001 /* gpgme.h */,
				551033EF04C190E500000001 /* gpg-error.h */,
				08FB77AEFE84172EC02AAC07 /* Classes */,
				551DF4360B2886A50061FE17 /* Unit Testing */,
				089C1665FE841158C02AAC07 /* Resources */,
				0867D69AFE84028FC02AAC07 /* External Frameworks and Libraries */,
				034768DFFF38A50411DB9C8B /* Products */,
				554B55BF069F0111005E1C92 /* Info-MacGPGME.plist */,
				554B55EA069F0245005E1C92 /* Info-GPGTester.plist */,
				551DF42C0B2886420061FE17 /* MacGPGMETesting-Info.plist */,
			);
			name = GPG;
			sourceTree = "<group>";
		};
		0867D69AFE84028FC02AAC07 /* External Frameworks and Libraries */ = {
			isa = PBXGroup;
			children = (
				1B1944C511CC282D0092B810 /* libassuan.a */,
				55226A9A0F053F7300CE3509 /* libintl.a */,
				556012E609BB3C6A00B31634 /* libiconv.dylib */,
				556012DE09BB3C0800B31634 /* libgpg-error.a */,
				556012DF09BB3C0800B31634 /* libgpgme-pthread.a */,
				1058C7B0FEA5585E11CA2CBB /* Linked Frameworks */,
				1058C7B2FEA5585E11CA2CBB /* Other Frameworks */,
			);
			name = "External Frameworks and Libraries";
			sourceTree = "<group>";
		};
		089C1665FE841158C02AAC07 /* Resources */ = {
			isa = PBXGroup;
			children = (
				552269AB0F053E4400CE3509 /* locale */,
				089C1666FE841158C02AAC07 /* InfoPlist.strings */,
				F55CD03802D65F6201C07EFC /* Localizable.strings */,
			);
			name = Resources;
			sourceTree = "<group>";
		};
		08FB77AEFE84172EC02AAC07 /* Classes */ = {
			isa = PBXGroup;
			children = (
				55BDD1CB0D954B3C0083C540 /* GPGOptions.h */,
				55BDD1CC0D954B3C0083C540 /* GPGOptions.m */,
				0BD178CF01298E177F000001 /* MacGPGME.h */,
				0BD178D001298E177F000001 /* GPGContext.h */,
				0BD178D101298E177F000001 /* GPGContext.m */,
				0BD178D201298E177F000001 /* GPGData.h */,
				0BD178D301298E177F000001 /* GPGData.m */,
				0BD178D401298E177F000001 /* GPGDefines.h */,
				0BD178D501298E177F000001 /* GPGEngine.h */,
				0BD178D601298E177F000001 /* GPGEngine.m */,
				0BD178D701298E177F000001 /* GPGExceptions.h */,
				0BD178D801298E177F000001 /* GPGExceptions.m */,
				0BD178D901298E177F000001 /* GPGInternals.h */,
				0BD178DA01298E177F000001 /* GPGKey.h */,
				0BD178DB01298E177F000001 /* GPGKey.m */,
				4B6856FC088004DA00859ACB /* GPGKeyDefines.h */,
				5543FA91071493C4009979E9 /* GPGKeyGroup.h */,
				5543FA92071493C4009979E9 /* GPGKeyGroup.m */,
				55627BD203BB4FD000000001 /* GPGKeySignature.h */,
				55627BD303BB4FD000000001 /* GPGKeySignature.m */,
				0BD178DC01298E177F000001 /* GPGObject.h */,
				0BD178DD01298E177F000001 /* GPGObject.m */,
				F549FD5602BFA3AB0128824A /* GPGPrettyInfo.h */,
				F549FD5702BFA3AB0128824A /* GPGPrettyInfo.m */,
				4B685599087F451800859ACB /* GPGRemoteKey.h */,
				4B68559A087F451800859ACB /* GPGRemoteKey.m */,
				4B6855E4087F4A6B00859ACB /* GPGRemoteUserID.h */,
				4B6855E5087F4A6B00859ACB /* GPGRemoteUserID.m */,
				F5F6E05602E18E8B01000002 /* GPGSignature.h */,
				F5F6E05702E18E8B01000002 /* GPGSignature.m */,
				554CA68D08F9608F00E135BC /* GPGSignatureNotation.h */,
				554CA68E08F9608F00E135BC /* GPGSignatureNotation.m */,
				551033F104C1912B00000001 /* GPGSubkey.h */,
				551033F204C1912B00000001 /* GPGSubkey.m */,
				0BD178E001298E177F000001 /* GPGTrustItem.h */,
				0BD178E101298E177F000001 /* GPGTrustItem.m */,
				55627BD603BC654000000001 /* GPGUserID.h */,
				55627BD703BC654000000001 /* GPGUserID.m */,
				F55CD03B02D65F9C01C07EFC /* LocalizableStrings.h */,
				F55CD03C02D65F9C01C07EFC /* LocalizableStrings.m */,
				554F654A062ADCB000BF2446 /* GPGAsyncHelper.h */,
				554F654B062ADCB000BF2446 /* GPGAsyncHelper.m */,
				55C01A6A0DB0FA9D00EA8CD5 /* GPGEngineHelper.h */,
				55C01A6B0DB0FA9D00EA8CD5 /* GPGEngineHelper.m */,
			);
			name = Classes;
			sourceTree = "<group>";
		};
		1058C7B0FEA5585E11CA2CBB /* Linked Frameworks */ = {
			isa = PBXGroup;
			children = (
				5587C97F07A2E96400F17B27 /* AddressBook.framework */,
				1058C7B1FEA5585E11CA2CBB /* Cocoa.framework */,
			);
			name = "Linked Frameworks";
			sourceTree = "<group>";
		};
		1058C7B2FEA5585E11CA2CBB /* Other Frameworks */ = {
			isa = PBXGroup;
			children = (
				0867D69BFE84028FC02AAC07 /* Foundation.framework */,
				0867D6A5FE840307C02AAC07 /* AppKit.framework */,
			);
			name = "Other Frameworks";
			sourceTree = "<group>";
		};
		551DF4360B2886A50061FE17 /* Unit Testing */ = {
			isa = PBXGroup;
			children = (
				551DF4370B2886CF0061FE17 /* MacGPGMETestCase.h */,
				551DF4380B2886CF0061FE17 /* MacGPGMETestCase.m */,
			);
			name = "Unit Testing";
			sourceTree = "<group>";
		};
		F550BC4A0201F2BB01A80016 /* GPGTester */ = {
			isa = PBXGroup;
			children = (
				F550BC630201F30B01A80016 /* Documentation */,
				F550BC4B0201F2BB01A80016 /* Other Sources */,
				F550BC4C0201F2BB01A80016 /* Classes */,
				F550BC4F0201F2BB01A80016 /* Resources */,
			);
			name = GPGTester;
			sourceTree = "<group>";
		};
		F550BC4B0201F2BB01A80016 /* Other Sources */ = {
			isa = PBXGroup;
			children = (
				F550BC680201F49001A80016 /* GPGTester_main.m */,
			);
			name = "Other Sources";
			sourceTree = "<group>";
		};
		F550BC4C0201F2BB01A80016 /* Classes */ = {
			isa = PBXGroup;
			children = (
				F550BC4D0201F2BB01A80016 /* Controller.h */,
				F550BC4E0201F2BB01A80016 /* Controller.m */,
			);
			name = Classes;
			sourceTree = "<group>";
		};
		F550BC4F0201F2BB01A80016 /* Resources */ = {
			isa = PBXGroup;
			children = (
				F550BC500201F2BB01A80016 /* CheckMark.tiff */,
				F550BC550201F2BB01A80016 /* GPGTester.nib */,
				F550BC580201F2BB01A80016 /* InfoPlist.strings */,
			);
			name = Resources;
			sourceTree = "<group>";
		};
		F550BC630201F30B01A80016 /* Documentation */ = {
			isa = PBXGroup;
			children = (
				F550BC640201F30B01A80016 /* NOTES */,
			);
			name = Documentation;
			sourceTree = "<group>";
		};
		F56F791B012E3F8001000001 /* Documentation */ = {
			isa = PBXGroup;
			children = (
				55C6D0E20795C2CD007186C6 /* COPYING.LESSER */,
				F56F791C012E3F8001000001 /* README */,
				551033F004C1911000000001 /* frameworkEmbedding.sh */,
				551033F504C1915A00000001 /* TODO */,
				55FCC5C0093F9339005A146B /* MacGPGME.hdoc */,
				5575766D093F9964008EE5CC /* headerDoc2HTML.config */,
				55757BCC094E2E85008EE5CC /* DocExternalReferences.xref */,
			);
			name = Documentation;
			sourceTree = "<group>";
		};
/* End PBXGroup section */

/* Begin PBXHeadersBuildPhase section */
		554B5590069F0111005E1C92 /* Headers */ = {
			isa = PBXHeadersBuildPhase;
			buildActionMask = 2147483647;
			files = (
				554B5591069F0111005E1C92 /* MacGPGME.h in Headers */,
				554B5592069F0111005E1C92 /* GPGContext.h in Headers */,
				554B5593069F0111005E1C92 /* GPGData.h in Headers */,
				554B5594069F0111005E1C92 /* GPGDefines.h in Headers */,
				554B5595069F0111005E1C92 /* GPGEngine.h in Headers */,
				554B5596069F0111005E1C92 /* GPGExceptions.h in Headers */,
				554B5597069F0111005E1C92 /* GPGInternals.h in Headers */,
				554B5598069F0111005E1C92 /* GPGKey.h in Headers */,
				554B5599069F0111005E1C92 /* GPGObject.h in Headers */,
				554B559A069F0111005E1C92 /* GPGTrustItem.h in Headers */,
				554B559B069F0111005E1C92 /* GPGSignature.h in Headers */,
				554B559C069F0111005E1C92 /* GPGPrettyInfo.h in Headers */,
				554B559D069F0111005E1C92 /* LocalizableStrings.h in Headers */,
				554B559E069F0111005E1C92 /* GPGKeySignature.h in Headers */,
				554B559F069F0111005E1C92 /* GPGUserID.h in Headers */,
				554B55A0069F0111005E1C92 /* GPGSubkey.h in Headers */,
				554B55A2069F0111005E1C92 /* GPGAsyncHelper.h in Headers */,
				5543FA93071493C4009979E9 /* GPGKeyGroup.h in Headers */,
				55B5189607AC37A6005C1DB3 /* MacGPGME_Prefix.pch in Headers */,
				4B68559B087F451800859ACB /* GPGRemoteKey.h in Headers */,
				4B6855E6087F4A6B00859ACB /* GPGRemoteUserID.h in Headers */,
				4B6856FD088004DA00859ACB /* GPGKeyDefines.h in Headers */,
				554CA68F08F9608F00E135BC /* GPGSignatureNotation.h in Headers */,
				55BDD1CD0D954B3C0083C540 /* GPGOptions.h in Headers */,
				55C01A6C0DB0FA9D00EA8CD5 /* GPGEngineHelper.h in Headers */,
			);
			runOnlyForDeploymentPostprocessing = 0;
		};
		554B55D9069F0245005E1C92 /* Headers */ = {
			isa = PBXHeadersBuildPhase;
			buildActionMask = 2147483647;
			files = (
			);
			runOnlyForDeploymentPostprocessing = 0;
		};
/* End PBXHeadersBuildPhase section */

/* Begin PBXNativeTarget section */
		551DF42A0B2886420061FE17 /* MacGPGMETesting */ = {
			isa = PBXNativeTarget;
			buildConfigurationList = 551DF42D0B2886450061FE17 /* Build configuration list for PBXNativeTarget "MacGPGMETesting" */;
			buildPhases = (
				551DF4260B2886420061FE17 /* Resources */,
				551DF4270B2886420061FE17 /* Sources */,
				551DF4280B2886420061FE17 /* Frameworks */,
				551DF4290B2886420061FE17 /* ShellScript */,
			);
			buildRules = (
			);
			dependencies = (
				551DF4330B2886570061FE17 /* PBXTargetDependency */,
			);
			name = MacGPGMETesting;
			productName = MacGPGMETesting;
			productReference = 551DF42B0B2886420061FE17 /* MacGPGMETesting.octest */;
			productType = "com.apple.product-type.bundle";
		};
		554B558F069F0111005E1C92 /* MacGPGME */ = {
			isa = PBXNativeTarget;
			buildConfigurationList = 55541F6D085AE6E100548474 /* Build configuration list for PBXNativeTarget "MacGPGME" */;
			buildPhases = (
				554B5590069F0111005E1C92 /* Headers */,
				554B55A3069F0111005E1C92 /* Resources */,
				554B55A9069F0111005E1C92 /* Sources */,
				554B55B9069F0111005E1C92 /* Frameworks */,
				554B55BD069F0111005E1C92 /* Rez */,
				554B55BE069F0111005E1C92 /* Generate Documentation */,
				55226A960F053E5F00CE3509 /* Filter C locales */,
			);
			buildRules = (
			);
			dependencies = (
				1B45A58711CCA15E00ED4663 /* PBXTargetDependency */,
			);
			name = MacGPGME;
			productInstallPath = Library/Frameworks;
			productName = GPG;
			productReference = 554B55C0069F0111005E1C92 /* MacGPGME.framework */;
			productType = "com.apple.product-type.framework";
		};
		554B55D7069F0245005E1C92 /* GPGTester */ = {
			isa = PBXNativeTarget;
			buildConfigurationList = 55541F74085AE6E100548474 /* Build configuration list for PBXNativeTarget "GPGTester" */;
			buildPhases = (
				554B55D9069F0245005E1C92 /* Headers */,
				554B55DB069F0245005E1C92 /* Resources */,
				554B55DF069F0245005E1C92 /* CopyFiles */,
				554B55E1069F0245005E1C92 /* Sources */,
				554B55E4069F0245005E1C92 /* Frameworks */,
				554B55E9069F0245005E1C92 /* Rez */,
			);
			buildRules = (
			);
			dependencies = (
				554B55EE069F025E005E1C92 /* PBXTargetDependency */,
			);
			name = GPGTester;
			productInstallPath = "$(USER_APPS_DIR)";
			productName = GPGTester;
			productReference = 554B55EB069F0245005E1C92 /* GPGTester.app */;
			productType = "com.apple.product-type.application";
		};
/* End PBXNativeTarget section */

/* Begin PBXProject section */
		0867D690FE84028FC02AAC07 /* Project object */ = {
			isa = PBXProject;
			buildConfigurationList = 55541F7B085AE6E100548474 /* Build configuration list for PBXProject "MacGPGME" */;
			compatibilityVersion = "Xcode 2.4";
			hasScannedForEncodings = 1;
			knownRegions = (
				English,
				Japanese,
				French,
				German,
				Spanish,
				Swedish,
				Italian,
				Danish,
			);
			mainGroup = 0867D691FE84028FC02AAC07 /* GPG */;
			productRefGroup = 034768DFFF38A50411DB9C8B /* Products */;
			projectDirPath = "";
			projectRoot = "";
			targets = (
				554B558F069F0111005E1C92 /* MacGPGME */,
				554B55D7069F0245005E1C92 /* GPGTester */,
				551DF42A0B2886420061FE17 /* MacGPGMETesting */,
				1B45A57F11CCA13000ED4663 /* Build gpgme */,
			);
		};
/* End PBXProject section */

/* Begin PBXResourcesBuildPhase section */
		551DF4260B2886420061FE17 /* Resources */ = {
			isa = PBXResourcesBuildPhase;
			buildActionMask = 2147483647;
			files = (
			);
			runOnlyForDeploymentPostprocessing = 0;
		};
		554B55A3069F0111005E1C92 /* Resources */ = {
			isa = PBXResourcesBuildPhase;
			buildActionMask = 2147483647;
			files = (
				554B55A4069F0111005E1C92 /* InfoPlist.strings in Resources */,
				554B55A5069F0111005E1C92 /* Localizable.strings in Resources */,
				55B964A607A3BA9A0060059A /* COPYING.LESSER in Resources */,
				55226A940F053E4500CE3509 /* locale in Resources */,
			);
			runOnlyForDeploymentPostprocessing = 0;
		};
		554B55DB069F0245005E1C92 /* Resources */ = {
			isa = PBXResourcesBuildPhase;
			buildActionMask = 2147483647;
			files = (
				554B55DC069F0245005E1C92 /* CheckMark.tiff in Resources */,
				554B55DD069F0245005E1C92 /* GPGTester.nib in Resources */,
				554B55DE069F0245005E1C92 /* InfoPlist.strings in Resources */,
			);
			runOnlyForDeploymentPostprocessing = 0;
		};
/* End PBXResourcesBuildPhase section */

/* Begin PBXRezBuildPhase section */
		554B55BD069F0111005E1C92 /* Rez */ = {
			isa = PBXRezBuildPhase;
			buildActionMask = 2147483647;
			files = (
			);
			runOnlyForDeploymentPostprocessing = 0;
		};
		554B55E9069F0245005E1C92 /* Rez */ = {
			isa = PBXRezBuildPhase;
			buildActionMask = 2147483647;
			files = (
			);
			runOnlyForDeploymentPostprocessing = 0;
		};
/* End PBXRezBuildPhase section */

/* Begin PBXShellScriptBuildPhase section */
		1B45A57E11CCA13000ED4663 /* ShellScript */ = {
			isa = PBXShellScriptBuildPhase;
			buildActionMask = 2147483647;
			files = (
			);
			inputPaths = (
			);
			outputPaths = (
			);
			runOnlyForDeploymentPostprocessing = 0;
			shellPath = /bin/sh;
			shellScript = "echo \"Building gettext for gpgme...\"\n\"${SRCROOT}/Utilities/build_gpgme\" ${ACTION} gettext 0.18.1.1\nif [ $? -ne 0 ]; then\n\texit 1;\nfi\necho \"Building libgpg-error for gpgme...\"\n\"${SRCROOT}/Utilities/build_gpgme\" ${ACTION} libgpg-error 1.8\nif [ $? -ne 0 ]; then\n\texit 1;\nfi\necho \"Building libassuan for gpgme...\"\n\"${SRCROOT}/Utilities/build_gpgme\" ${ACTION} libassuan 2.0.0\nif [ $? -ne 0 ]; then\n\texit 1;\nfi\necho \"Building gpgme...\"\n\"${SRCROOT}/Utilities/build_gpgme\" ${ACTION} gpgme 1.3.0\nif [ $? -ne 0 ]; then\n\texit 1;\nfi\nexit 0";
		};
		551DF4290B2886420061FE17 /* ShellScript */ = {
			isa = PBXShellScriptBuildPhase;
			buildActionMask = 2147483647;
			files = (
			);
			inputPaths = (
			);
			outputPaths = (
			);
			runOnlyForDeploymentPostprocessing = 0;
			shellPath = /bin/sh;
			shellScript = "# Run the unit tests in this test bundle.\n\"${SYSTEM_DEVELOPER_DIR}/Tools/RunUnitTests\"\n";
		};
		55226A960F053E5F00CE3509 /* Filter C locales */ = {
			isa = PBXShellScriptBuildPhase;
			buildActionMask = 2147483647;
			files = (
			);
			inputPaths = (
				build/dist/share/locale,
			);
			name = "Filter C locales";
			outputPaths = (
			);
			runOnlyForDeploymentPostprocessing = 0;
			shellPath = /bin/sh;
			shellScript = "# Remove all localizations not in libgpg-error nor gettext-runtime domains\nfind \"${TARGET_BUILD_DIR}/${UNLOCALIZED_RESOURCES_FOLDER_PATH}/locale\" -type f \\( -name \\*.mo -a -not -name gettext-runtime.mo -a -not -name libgpg-error.mo \\) -delete\nexit 0\n";
		};
		554B55BE069F0111005E1C92 /* Generate Documentation */ = {
			isa = PBXShellScriptBuildPhase;
			buildActionMask = 8;
			files = (
			);
			name = "Generate Documentation";
			runOnlyForDeploymentPostprocessing = 1;
			shellPath = /bin/sh;
			shellScript = "HeaderDoc2HTML=\"/usr/bin/headerdoc2html\"\nGatherHeaderDoc=\"/usr/bin/gatherheaderdoc\"\nexternalXRefFile=\"${TEMP_FILES_DIR}/HeaderDoc.xref\"\ndocumentationDir=\"${TARGET_BUILD_DIR}/${DOCUMENTATION_FOLDER_PATH}\"\n\nif [ ! -x \"${HeaderDoc2HTML}\" -a ! -L \"${HeaderDoc2HTML}\" ]; then \\\n\tHeaderDoc2HTML=\"/usr/bin/headerdoc2html\"\nfi\n\nif [ ! -x \"${GatherHeaderDoc}\" -a ! -L \"${GatherHeaderDoc}\" ]; then \\\n\tGatherHeaderDoc=\"/usr/bin/gatherheaderdoc\"\nfi\n\nrm -rf \"${documentationDir}\"\nmkdir -p \"${documentationDir}\"\n\necho \"Extracting documentation...\"\n\"${HeaderDoc2HTML}\" -o \"${documentationDir}\" \"${PROJECT_DIR}\"\n\necho \"Resolving links...\"\nrm -rf \"${externalXRefFile}\"\ntr '$' '\\1' < DocExternalReferences.xref > \"${externalXRefFile}\"\n\"${GatherHeaderDoc}\" -x \"${externalXRefFile}\" \"${documentationDir}\"\n";
		};
/* End PBXShellScriptBuildPhase section */

/* Begin PBXSourcesBuildPhase section */
		551DF4270B2886420061FE17 /* Sources */ = {
			isa = PBXSourcesBuildPhase;
			buildActionMask = 2147483647;
			files = (
				551DF4390B2886CF0061FE17 /* MacGPGMETestCase.m in Sources */,
			);
			runOnlyForDeploymentPostprocessing = 0;
		};
		554B55A9069F0111005E1C92 /* Sources */ = {
			isa = PBXSourcesBuildPhase;
			buildActionMask = 2147483647;
			files = (
				554B55AA069F0111005E1C92 /* GPGContext.m in Sources */,
				554B55AB069F0111005E1C92 /* GPGData.m in Sources */,
				554B55AC069F0111005E1C92 /* GPGEngine.m in Sources */,
				554B55AD069F0111005E1C92 /* GPGExceptions.m in Sources */,
				554B55AE069F0111005E1C92 /* GPGKey.m in Sources */,
				554B55AF069F0111005E1C92 /* GPGObject.m in Sources */,
				554B55B0069F0111005E1C92 /* GPGTrustItem.m in Sources */,
				554B55B1069F0111005E1C92 /* GPGSignature.m in Sources */,
				554B55B2069F0111005E1C92 /* GPGPrettyInfo.m in Sources */,
				554B55B3069F0111005E1C92 /* LocalizableStrings.m in Sources */,
				554B55B4069F0111005E1C92 /* GPGKeySignature.m in Sources */,
				554B55B5069F0111005E1C92 /* GPGUserID.m in Sources */,
				554B55B6069F0111005E1C92 /* GPGSubkey.m in Sources */,
				554B55B8069F0111005E1C92 /* GPGAsyncHelper.m in Sources */,
				5543FA94071493C4009979E9 /* GPGKeyGroup.m in Sources */,
				4B68559C087F451800859ACB /* GPGRemoteKey.m in Sources */,
				4B6855E7087F4A6B00859ACB /* GPGRemoteUserID.m in Sources */,
				554CA69008F9608F00E135BC /* GPGSignatureNotation.m in Sources */,
				55BDD1CE0D954B3C0083C540 /* GPGOptions.m in Sources */,
				55C01A6D0DB0FA9D00EA8CD5 /* GPGEngineHelper.m in Sources */,
			);
			runOnlyForDeploymentPostprocessing = 0;
		};
		554B55E1069F0245005E1C92 /* Sources */ = {
			isa = PBXSourcesBuildPhase;
			buildActionMask = 2147483647;
			files = (
				554B55E2069F0245005E1C92 /* Controller.m in Sources */,
				554B55E3069F0245005E1C92 /* GPGTester_main.m in Sources */,
			);
			runOnlyForDeploymentPostprocessing = 0;
		};
/* End PBXSourcesBuildPhase section */

/* Begin PBXTargetDependency section */
		1B45A58711CCA15E00ED4663 /* PBXTargetDependency */ = {
			isa = PBXTargetDependency;
			target = 1B45A57F11CCA13000ED4663 /* Build gpgme */;
			targetProxy = 1B45A58611CCA15E00ED4663 /* PBXContainerItemProxy */;
		};
		551DF4330B2886570061FE17 /* PBXTargetDependency */ = {
			isa = PBXTargetDependency;
			target = 554B558F069F0111005E1C92 /* MacGPGME */;
			targetProxy = 551DF4320B2886570061FE17 /* PBXContainerItemProxy */;
		};
		554B55EE069F025E005E1C92 /* PBXTargetDependency */ = {
			isa = PBXTargetDependency;
			target = 554B558F069F0111005E1C92 /* MacGPGME */;
			targetProxy = 554B55ED069F025E005E1C92 /* PBXContainerItemProxy */;
		};
/* End PBXTargetDependency section */

/* Begin PBXVariantGroup section */
		089C1666FE841158C02AAC07 /* InfoPlist.strings */ = {
			isa = PBXVariantGroup;
			children = (
				089C1667FE841158C02AAC07 /* English */,
				F5AD059502F2E74B0128824A /* Spanish */,
				F5A699FB0306A54D01000104 /* French */,
				F5A699FC0306A54D01000104 /* German */,
				F5A699FD0306A54D01000104 /* Swedish */,
				7FA06EA603E842E1002884EA /* Italian */,
				7F7B9541042B59C40028F28B /* Danish */,
			);
			name = InfoPlist.strings;
			sourceTree = "<group>";
		};
		F550BC550201F2BB01A80016 /* GPGTester.nib */ = {
			isa = PBXVariantGroup;
			children = (
				F550BC570201F2BB01A80016 /* English */,
			);
			name = GPGTester.nib;
			sourceTree = "<group>";
		};
		F550BC580201F2BB01A80016 /* InfoPlist.strings */ = {
			isa = PBXVariantGroup;
			children = (
				F550BC590201F2BB01A80016 /* English */,
			);
			name = InfoPlist.strings;
			sourceTree = "<group>";
		};
		F55CD03802D65F6201C07EFC /* Localizable.strings */ = {
			isa = PBXVariantGroup;
			children = (
				F55CD03902D65F6201C07EFC /* English */,
				F5AD059602F2E74B0128824A /* Spanish */,
				F5A699FE0306A54D01000104 /* French */,
				F5A699FF0306A54D01000104 /* German */,
				F5A69A000306A54D01000104 /* Swedish */,
				7FA06EA703E842E1002884EA /* Italian */,
				7F7B9542042B59C40028F28B /* Danish */,
			);
			name = Localizable.strings;
			sourceTree = "<group>";
		};
/* End PBXVariantGroup section */

/* Begin XCBuildConfiguration section */
		1B45A58111CCA13000ED4663 /* Debug */ = {
			isa = XCBuildConfiguration;
			buildSettings = {
				COPY_PHASE_STRIP = NO;
				GCC_DYNAMIC_NO_PIC = NO;
				GCC_OPTIMIZATION_LEVEL = 0;
				PRODUCT_NAME = "Build gpgme";
			};
			name = Debug;
		};
		1B45A58211CCA13000ED4663 /* Release */ = {
			isa = XCBuildConfiguration;
			buildSettings = {
				COPY_PHASE_STRIP = YES;
				DEBUG_INFORMATION_FORMAT = "dwarf-with-dsym";
				GCC_ENABLE_FIX_AND_CONTINUE = NO;
				PRODUCT_NAME = "Build gpgme";
				ZERO_LINK = NO;
			};
			name = Release;
		};
		1B45A58311CCA13000ED4663 /* Debug (standalone) */ = {
			isa = XCBuildConfiguration;
			buildSettings = {
				PRODUCT_NAME = "Build gpgme";
			};
			name = "Debug (standalone)";
		};
		1B45A58411CCA13000ED4663 /* Release (standalone) */ = {
			isa = XCBuildConfiguration;
			buildSettings = {
				PRODUCT_NAME = "Build gpgme";
			};
			name = "Release (standalone)";
		};
		551DF42E0B2886450061FE17 /* Debug */ = {
			isa = XCBuildConfiguration;
			buildSettings = {
				COPY_PHASE_STRIP = NO;
				FRAMEWORK_SEARCH_PATHS = (
					"$(value)",
					"$(DEVELOPER_FRAMEWORKS_DIR_QUOTED)",
				);
				GCC_DYNAMIC_NO_PIC = NO;
				GCC_ENABLE_FIX_AND_CONTINUE = NO;
				GCC_ENABLE_OBJC_EXCEPTIONS = YES;
				GCC_GENERATE_DEBUGGING_SYMBOLS = YES;
				GCC_MODEL_TUNING = G5;
				GCC_OPTIMIZATION_LEVEL = 0;
				GCC_PRECOMPILE_PREFIX_HEADER = YES;
				GCC_PREFIX_HEADER = "$(SYSTEM_LIBRARY_DIR)/Frameworks/Cocoa.framework/Headers/Cocoa.h";
				INFOPLIST_FILE = "MacGPGMETesting-Info.plist";
				INSTALL_PATH = "$(USER_LIBRARY_DIR)/Bundles";
				OTHER_LDFLAGS = (
					"-framework",
					Cocoa,
					"-framework",
					SenTestingKit,
				);
				PREBINDING = NO;
				PRODUCT_NAME = MacGPGMETesting;
				WRAPPER_EXTENSION = octest;
				ZERO_LINK = NO;
			};
			name = Debug;
		};
		551DF42F0B2886450061FE17 /* Release */ = {
			isa = XCBuildConfiguration;
			buildSettings = {
				COPY_PHASE_STRIP = YES;
				FRAMEWORK_SEARCH_PATHS = (
					"$(value)",
					"$(DEVELOPER_FRAMEWORKS_DIR_QUOTED)",
				);
				GCC_ENABLE_FIX_AND_CONTINUE = NO;
				GCC_ENABLE_OBJC_EXCEPTIONS = YES;
				GCC_GENERATE_DEBUGGING_SYMBOLS = NO;
				GCC_MODEL_TUNING = G5;
				GCC_PRECOMPILE_PREFIX_HEADER = YES;
				GCC_PREFIX_HEADER = "$(SYSTEM_LIBRARY_DIR)/Frameworks/Cocoa.framework/Headers/Cocoa.h";
				INFOPLIST_FILE = "MacGPGMETesting-Info.plist";
				INSTALL_PATH = "$(USER_LIBRARY_DIR)/Bundles";
				OTHER_LDFLAGS = (
					"-framework",
					Cocoa,
					"-framework",
					SenTestingKit,
				);
				PREBINDING = NO;
				PRODUCT_NAME = MacGPGMETesting;
				WRAPPER_EXTENSION = octest;
				ZERO_LINK = NO;
			};
			name = Release;
		};
		551DF4300B2886450061FE17 /* Debug (standalone) */ = {
			isa = XCBuildConfiguration;
			buildSettings = {
				FRAMEWORK_SEARCH_PATHS = (
					"$(value)",
					"$(DEVELOPER_FRAMEWORKS_DIR_QUOTED)",
				);
				GCC_ENABLE_FIX_AND_CONTINUE = NO;
				GCC_ENABLE_OBJC_EXCEPTIONS = YES;
				GCC_MODEL_TUNING = G5;
				GCC_PRECOMPILE_PREFIX_HEADER = YES;
				GCC_PREFIX_HEADER = "$(SYSTEM_LIBRARY_DIR)/Frameworks/Cocoa.framework/Headers/Cocoa.h";
				INFOPLIST_FILE = "MacGPGMETesting-Info.plist";
				INSTALL_PATH = "$(USER_LIBRARY_DIR)/Bundles";
				OTHER_LDFLAGS = (
					"-framework",
					Cocoa,
					"-framework",
					SenTestingKit,
				);
				PREBINDING = NO;
				PRODUCT_NAME = MacGPGMETesting;
				WRAPPER_EXTENSION = octest;
				ZERO_LINK = NO;
			};
			name = "Debug (standalone)";
		};
		551DF4310B2886450061FE17 /* Release (standalone) */ = {
			isa = XCBuildConfiguration;
			buildSettings = {
				FRAMEWORK_SEARCH_PATHS = (
					"$(value)",
					"$(DEVELOPER_FRAMEWORKS_DIR_QUOTED)",
				);
				GCC_ENABLE_FIX_AND_CONTINUE = NO;
				GCC_ENABLE_OBJC_EXCEPTIONS = YES;
				GCC_MODEL_TUNING = G5;
				GCC_PRECOMPILE_PREFIX_HEADER = YES;
				GCC_PREFIX_HEADER = "$(SYSTEM_LIBRARY_DIR)/Frameworks/Cocoa.framework/Headers/Cocoa.h";
				INFOPLIST_FILE = "MacGPGMETesting-Info.plist";
				INSTALL_PATH = "$(USER_LIBRARY_DIR)/Bundles";
				OTHER_LDFLAGS = (
					"-framework",
					Cocoa,
					"-framework",
					SenTestingKit,
				);
				PREBINDING = NO;
				PRODUCT_NAME = MacGPGMETesting;
				WRAPPER_EXTENSION = octest;
				ZERO_LINK = NO;
			};
			name = "Release (standalone)";
		};
		55541F6E085AE6E100548474 /* Debug */ = {
			isa = XCBuildConfiguration;
			buildSettings = {
				COPY_PHASE_STRIP = NO;
				CURRENT_PROJECT_VERSION = 16;
				DYLIB_COMPATIBILITY_VERSION = 15;
				DYLIB_CURRENT_VERSION = 16;
				FRAMEWORK_SEARCH_PATHS = (
					"$(inherited)",
					/Developer/SDKs/MacOSX10.5.sdk/System/Library/Frameworks,
				);
				FRAMEWORK_VERSION = 1.1.4;
				GCC_ENABLE_FIX_AND_CONTINUE = NO;
				GCC_OPTIMIZATION_LEVEL = 0;
				GCC_PRECOMPILE_PREFIX_HEADER = YES;
				GCC_PREFIX_HEADER = MacGPGME_Prefix.pch;
				GCC_PREPROCESSOR_DEFINITIONS = BUILDING_MAC_GPGME;
				HEADER_SEARCH_PATHS = build/dist/include;
				INFOPLIST_FILE = "Info-MacGPGME.plist";
				INSTALL_PATH = "@loader_path/../Frameworks";
				LIBRARY_SEARCH_PATHS = build/dist/lib;
				MACH_O_TYPE = mh_dylib;
				OTHER_LDFLAGS = (
					"-Z",
					"-headerpad_max_install_names",
				);
				PRODUCT_NAME = MacGPGME;
				SECTORDER_FLAGS = "";
				SKIP_INSTALL = YES;
				VERSIONING_SYSTEM = "apple-generic";
				WARNING_CFLAGS = "-Wmost";
				WRAPPER_EXTENSION = framework;
				ZERO_LINK = YES;
			};
			name = Debug;
		};
		55541F6F085AE6E100548474 /* Release */ = {
			isa = XCBuildConfiguration;
			buildSettings = {
				COPY_PHASE_STRIP = YES;
				CURRENT_PROJECT_VERSION = 16;
				DEBUG_INFORMATION_FORMAT = "dwarf-with-dsym";
				DYLIB_COMPATIBILITY_VERSION = 15;
				DYLIB_CURRENT_VERSION = 16;
				FRAMEWORK_SEARCH_PATHS = (
					"$(inherited)",
					/Developer/SDKs/MacOSX10.5.sdk/System/Library/Frameworks,
				);
				FRAMEWORK_VERSION = 1.1.4;
				GCC_PRECOMPILE_PREFIX_HEADER = YES;
				GCC_PREFIX_HEADER = MacGPGME_Prefix.pch;
				GCC_PREPROCESSOR_DEFINITIONS = BUILDING_MAC_GPGME;
				HEADER_SEARCH_PATHS = build/dist/include;
				INFOPLIST_FILE = "Info-MacGPGME.plist";
				INSTALL_PATH = "@loader_path/../Frameworks";
				LIBRARY_SEARCH_PATHS = build/dist/lib;
				MACH_O_TYPE = mh_dylib;
				OTHER_LDFLAGS = (
					"-Z",
					"-headerpad_max_install_names",
				);
				PRODUCT_NAME = MacGPGME;
				SKIP_INSTALL = YES;
				VERSIONING_SYSTEM = "apple-generic";
				WARNING_CFLAGS = "-Wmost";
				WRAPPER_EXTENSION = framework;
			};
			name = Release;
		};
		55541F70085AE6E100548474 /* Debug (standalone) */ = {
			isa = XCBuildConfiguration;
			buildSettings = {
				COPY_PHASE_STRIP = NO;
				CURRENT_PROJECT_VERSION = 16;
				DYLIB_COMPATIBILITY_VERSION = 15;
				DYLIB_CURRENT_VERSION = 16;
				FRAMEWORK_SEARCH_PATHS = "$(inherited)";
				FRAMEWORK_VERSION = 1.1.4;
				GCC_DYNAMIC_NO_PIC = NO;
				GCC_ENABLE_FIX_AND_CONTINUE = YES;
				GCC_GENERATE_DEBUGGING_SYMBOLS = YES;
				GCC_OPTIMIZATION_LEVEL = 0;
				GCC_PRECOMPILE_PREFIX_HEADER = YES;
				GCC_PREFIX_HEADER = MacGPGME_Prefix.pch;
				GCC_PREPROCESSOR_DEFINITIONS = BUILDING_MAC_GPGME;
				HEADER_SEARCH_PATHS = build/dist/include;
				INFOPLIST_FILE = "Info-MacGPGME.plist";
				INSTALL_PATH = /Library/Frameworks;
				LIBRARY_SEARCH_PATHS = build/dist/lib;
				MACH_O_TYPE = mh_dylib;
				OTHER_LDFLAGS = (
					"-seg1addr",
					0x686E0000,
					"-headerpad_max_install_names",
				);
				PRODUCT_NAME = MacGPGME;
				VERSIONING_SYSTEM = "apple-generic";
				WARNING_CFLAGS = "-Wmost";
				WRAPPER_EXTENSION = framework;
				ZERO_LINK = YES;
			};
			name = "Debug (standalone)";
		};
		55541F71085AE6E100548474 /* Release (standalone) */ = {
			isa = XCBuildConfiguration;
			buildSettings = {
				CURRENT_PROJECT_VERSION = 16;
				DYLIB_COMPATIBILITY_VERSION = 15;
				DYLIB_CURRENT_VERSION = 16;
				FRAMEWORK_SEARCH_PATHS = "$(inherited)";
				FRAMEWORK_VERSION = 1.1.4;
				GCC_PRECOMPILE_PREFIX_HEADER = YES;
				GCC_PREFIX_HEADER = MacGPGME_Prefix.pch;
				GCC_PREPROCESSOR_DEFINITIONS = BUILDING_MAC_GPGME;
				HEADER_SEARCH_PATHS = build/dist/include;
				INFOPLIST_FILE = "Info-MacGPGME.plist";
				INSTALL_PATH = /Library/Frameworks;
				LIBRARY_SEARCH_PATHS = build/dist/lib;
				MACH_O_TYPE = mh_dylib;
				OTHER_LDFLAGS = (
					"-seg1addr",
					0x686E0000,
					"-headerpad_max_install_names",
				);
				PREBINDING = NO;
				PRODUCT_NAME = MacGPGME;
				VERSIONING_SYSTEM = "apple-generic";
				WARNING_CFLAGS = "-Wmost";
				WRAPPER_EXTENSION = framework;
				ZERO_LINK = NO;
			};
			name = "Release (standalone)";
		};
		55541F75085AE6E100548474 /* Debug */ = {
			isa = XCBuildConfiguration;
			buildSettings = {
				COPY_PHASE_STRIP = NO;
				GCC_OPTIMIZATION_LEVEL = 0;
				INFOPLIST_FILE = "Info-GPGTester.plist";
				INSTALL_PATH = "@executable_path/../Frameworks";
				LIBRARY_SEARCH_PATHS = build/dist/lib;
				OTHER_CFLAGS = "";
				OTHER_LDFLAGS = "";
				OTHER_REZFLAGS = "";
				PREBINDING = NO;
				PRODUCT_NAME = GPGTester;
				SECTORDER_FLAGS = "";
				SKIP_INSTALL = YES;
				WARNING_CFLAGS = (
					"-Wmost",
					"-Wno-four-char-constants",
					"-Wno-unknown-pragmas",
				);
				WRAPPER_EXTENSION = app;
			};
			name = Debug;
		};
		55541F76085AE6E100548474 /* Release */ = {
			isa = XCBuildConfiguration;
			buildSettings = {
				COPY_PHASE_STRIP = YES;
				DEBUGGING_SYMBOLS = NO;
				GCC_OPTIMIZATION_LEVEL = s;
				INFOPLIST_FILE = "Info-GPGTester.plist";
				INSTALL_PATH = "@executable_path/../Frameworks";
				OTHER_CFLAGS = "";
				OTHER_LDFLAGS = "";
				OTHER_REZFLAGS = "";
				PREBINDING = NO;
				PRODUCT_NAME = GPGTester;
				SECTORDER_FLAGS = "";
				SKIP_INSTALL = YES;
				WARNING_CFLAGS = (
					"-Wmost",
					"-Wno-four-char-constants",
					"-Wno-unknown-pragmas",
				);
				WRAPPER_EXTENSION = app;
			};
			name = Release;
		};
		55541F77085AE6E100548474 /* Debug (standalone) */ = {
			isa = XCBuildConfiguration;
			buildSettings = {
				COPY_PHASE_STRIP = NO;
				GCC_DYNAMIC_NO_PIC = NO;
				GCC_ENABLE_FIX_AND_CONTINUE = YES;
				GCC_GENERATE_DEBUGGING_SYMBOLS = YES;
				GCC_OPTIMIZATION_LEVEL = 0;
				INFOPLIST_FILE = "Info-GPGTester.plist";
				INSTALL_PATH = "$(USER_APPS_DIR)";
				OTHER_CFLAGS = "";
				OTHER_LDFLAGS = "";
				OTHER_REZFLAGS = "";
				PREBINDING = NO;
				PRODUCT_NAME = GPGTester;
				SECTORDER_FLAGS = "";
				WARNING_CFLAGS = (
					"-Wmost",
					"-Wno-four-char-constants",
					"-Wno-unknown-pragmas",
				);
				WRAPPER_EXTENSION = app;
				ZERO_LINK = YES;
			};
			name = "Debug (standalone)";
		};
		55541F78085AE6E100548474 /* Release (standalone) */ = {
			isa = XCBuildConfiguration;
			buildSettings = {
				COPY_PHASE_STRIP = YES;
				DEBUGGING_SYMBOLS = NO;
				GCC_ENABLE_FIX_AND_CONTINUE = NO;
				GCC_OPTIMIZATION_LEVEL = s;
				INFOPLIST_FILE = "Info-GPGTester.plist";
				INSTALL_PATH = "$(USER_APPS_DIR)";
				OTHER_CFLAGS = "";
				OTHER_LDFLAGS = "";
				OTHER_REZFLAGS = "";
				PREBINDING = NO;
				PRODUCT_NAME = GPGTester;
				SECTORDER_FLAGS = "";
				WARNING_CFLAGS = (
					"-Wmost",
					"-Wno-four-char-constants",
					"-Wno-unknown-pragmas",
				);
				WRAPPER_EXTENSION = app;
				ZERO_LINK = NO;
			};
			name = "Release (standalone)";
		};
		55541F7C085AE6E100548474 /* Debug */ = {
			isa = XCBuildConfiguration;
			buildSettings = {
				ARCHS = (
					x86_64,
					i386,
				);
				GCC_ENABLE_OBJC_GC = YES;
				GCC_VERSION = com.apple.compilers.llvm.clang.1_0;
				MACOSX_DEPLOYMENT_TARGET = 10.5;
				SDKROOT = /Developer/SDKs/MacOSX10.5.sdk;
				VALID_ARCHS = "x86_64 i386";
			};
			name = Debug;
		};
		55541F7D085AE6E100548474 /* Release */ = {
			isa = XCBuildConfiguration;
			buildSettings = {
				ARCHS = (
					x86_64,
					i386,
				);
				GCC_ENABLE_OBJC_GC = YES;
				GCC_VERSION = com.apple.compilers.llvm.clang.1_0;
				MACOSX_DEPLOYMENT_TARGET = 10.5;
				SDKROOT = /Developer/SDKs/MacOSX10.5.sdk;
				VALID_ARCHS = "x86_64 i386";
			};
			name = Release;
		};
		55541F7E085AE6E100548474 /* Debug (standalone) */ = {
			isa = XCBuildConfiguration;
			buildSettings = {
				ARCHS = (
					x86_64,
					i386,
				);
				GCC_ENABLE_OBJC_GC = YES;
				GCC_VERSION = com.apple.compilers.llvm.clang.1_0;
				MACOSX_DEPLOYMENT_TARGET = 10.5;
				SDKROOT = /Developer/SDKs/MacOSX10.5.sdk;
				VALID_ARCHS = "x86_64 i386";
			};
			name = "Debug (standalone)";
		};
		55541F7F085AE6E100548474 /* Release (standalone) */ = {
			isa = XCBuildConfiguration;
			buildSettings = {
				ARCHS = (
					x86_64,
					i386,
				);
				GCC_ENABLE_OBJC_GC = YES;
				GCC_VERSION = com.apple.compilers.llvm.clang.1_0;
				MACOSX_DEPLOYMENT_TARGET = 10.5;
				SDKROOT = /Developer/SDKs/MacOSX10.5.sdk;
				VALID_ARCHS = "x86_64 i386";
			};
			name = "Release (standalone)";
		};
/* End XCBuildConfiguration section */

/* Begin XCConfigurationList section */
		1B45A59611CCA18000ED4663 /* Build configuration list for PBXAggregateTarget "Build gpgme" */ = {
			isa = XCConfigurationList;
			buildConfigurations = (
				1B45A58111CCA13000ED4663 /* Debug */,
				1B45A58211CCA13000ED4663 /* Release */,
				1B45A58311CCA13000ED4663 /* Debug (standalone) */,
				1B45A58411CCA13000ED4663 /* Release (standalone) */,
			);
			defaultConfigurationIsVisible = 0;
			defaultConfigurationName = Debug;
		};
		551DF42D0B2886450061FE17 /* Build configuration list for PBXNativeTarget "MacGPGMETesting" */ = {
			isa = XCConfigurationList;
			buildConfigurations = (
				551DF42E0B2886450061FE17 /* Debug */,
				551DF42F0B2886450061FE17 /* Release */,
				551DF4300B2886450061FE17 /* Debug (standalone) */,
				551DF4310B2886450061FE17 /* Release (standalone) */,
			);
			defaultConfigurationIsVisible = 0;
			defaultConfigurationName = Debug;
		};
		55541F6D085AE6E100548474 /* Build configuration list for PBXNativeTarget "MacGPGME" */ = {
			isa = XCConfigurationList;
			buildConfigurations = (
				55541F6E085AE6E100548474 /* Debug */,
				55541F6F085AE6E100548474 /* Release */,
				55541F70085AE6E100548474 /* Debug (standalone) */,
				55541F71085AE6E100548474 /* Release (standalone) */,
			);
			defaultConfigurationIsVisible = 0;
			defaultConfigurationName = Debug;
		};
		55541F74085AE6E100548474 /* Build configuration list for PBXNativeTarget "GPGTester" */ = {
			isa = XCConfigurationList;
			buildConfigurations = (
				55541F75085AE6E100548474 /* Debug */,
				55541F76085AE6E100548474 /* Release */,
				55541F77085AE6E100548474 /* Debug (standalone) */,
				55541F78085AE6E100548474 /* Release (standalone) */,
			);
			defaultConfigurationIsVisible = 0;
			defaultConfigurationName = Debug;
		};
		55541F7B085AE6E100548474 /* Build configuration list for PBXProject "MacGPGME" */ = {
			isa = XCConfigurationList;
			buildConfigurations = (
				55541F7C085AE6E100548474 /* Debug */,
				55541F7D085AE6E100548474 /* Release */,
				55541F7E085AE6E100548474 /* Debug (standalone) */,
				55541F7F085AE6E100548474 /* Release (standalone) */,
			);
			defaultConfigurationIsVisible = 0;
			defaultConfigurationName = Debug;
		};
/* End XCConfigurationList section */
	};
	rootObject = 0867D690FE84028FC02AAC07 /* Project object */;
}
