// !$*UTF8*$!
{
	archiveVersion = 1;
	classes = {
	};
	objectVersion = 45;
	objects = {

/* Begin PBXBuildFile section */
		1DDD58160DA1D0A300B32029 /* MainMenu.xib in Resources */ = {isa = PBXBuildFile; fileRef = 1DDD58140DA1D0A300B32029 /* MainMenu.xib */; };
		256AC3DA0F4B6AC300CF3369 /* GPGKeychainAccessAppDelegate.m in Sources */ = {isa = PBXBuildFile; fileRef = 256AC3D90F4B6AC300CF3369 /* GPGKeychainAccessAppDelegate.m */; };
		3000FEAA11F5B88800D6F5F8 /* KeychainController.m in Sources */ = {isa = PBXBuildFile; fileRef = 3000FEA911F5B88800D6F5F8 /* KeychainController.m */; };
		30139A5A12475A4A00B8AA01 /* AddressBook.framework in Frameworks */ = {isa = PBXBuildFile; fileRef = 30139A5912475A4A00B8AA01 /* AddressBook.framework */; };
		3016AE571243BF4A002206EE /* MacGPGME.framework in CopyFiles */ = {isa = PBXBuildFile; fileRef = 3016AE481243BEF7002206EE /* MacGPGME.framework */; };
		3016AE581243BF50002206EE /* MacGPGME.framework in Frameworks */ = {isa = PBXBuildFile; fileRef = 3016AE481243BEF7002206EE /* MacGPGME.framework */; };
		3017C2DE12364D2C001BEAF1 /* SplitViewController.m in Sources */ = {isa = PBXBuildFile; fileRef = 3017C2DD12364D2C001BEAF1 /* SplitViewController.m */; };
		30497DF11214353F00884D59 /* ActionController.m in Sources */ = {isa = PBXBuildFile; fileRef = 30497DF01214353F00884D59 /* ActionController.m */; };
		305268E41232A34C008540D9 /* SheetController.m in Sources */ = {isa = PBXBuildFile; fileRef = 305268E21232A34C008540D9 /* SheetController.m */; };
		30617F4B121A96DF000198A9 /* KeyInfo.m in Sources */ = {isa = PBXBuildFile; fileRef = 30C947B51208B8E600A13440 /* KeyInfo.m */; };
		30C949D21209E71300A13440 /* Localizable.strings in Resources */ = {isa = PBXBuildFile; fileRef = 30C949D11209E71300A13440 /* Localizable.strings */; };
		30DAEFB8122819B600F1E98C /* Bekannte Fehler.rtf in Resources */ = {isa = PBXBuildFile; fileRef = 30DAEFB3122818E700F1E98C /* Bekannte Fehler.rtf */; };
		30E36FFA122E710300529ED9 /* Globales.m in Sources */ = {isa = PBXBuildFile; fileRef = 30E36FF9122E710300529ED9 /* Globales.m */; };
		30EB1CB2120C5F91003BD52F /* Export.tiff in Resources */ = {isa = PBXBuildFile; fileRef = 30EB1CB0120C5F91003BD52F /* Export.tiff */; };
		30EB1CB3120C5F91003BD52F /* Import.tiff in Resources */ = {isa = PBXBuildFile; fileRef = 30EB1CB1120C5F91003BD52F /* Import.tiff */; };
		30EB1CBB120C5FEF003BD52F /* Generate.tiff in Resources */ = {isa = PBXBuildFile; fileRef = 30EB1CBA120C5FEF003BD52F /* Generate.tiff */; };
		30EB1E5F120C95CD003BD52F /* GPGKeys.icns in Resources */ = {isa = PBXBuildFile; fileRef = 30EB1E5E120C95CD003BD52F /* GPGKeys.icns */; };
		30ED341F1242461400C311B1 /* COPYING in Resources */ = {isa = PBXBuildFile; fileRef = 30ED341E1242461400C311B1 /* COPYING */; };
		30ED34441242477700C311B1 /* ModalSheets.xib in Resources */ = {isa = PBXBuildFile; fileRef = 30ED34431242477700C311B1 /* ModalSheets.xib */; };
		8D11072B0486CEB800E47090 /* InfoPlist.strings in Resources */ = {isa = PBXBuildFile; fileRef = 089C165CFE840E0CC02AAC07 /* InfoPlist.strings */; };
		8D11072D0486CEB800E47090 /* main.m in Sources */ = {isa = PBXBuildFile; fileRef = 29B97316FDCFA39411CA2CEA /* main.m */; settings = {ATTRIBUTES = (); }; };
		8D11072F0486CEB800E47090 /* Cocoa.framework in Frameworks */ = {isa = PBXBuildFile; fileRef = 1058C7A1FEA54F0111CA2CBB /* Cocoa.framework */; };
/* End PBXBuildFile section */

/* Begin PBXContainerItemProxy section */
		3016AE471243BEF7002206EE /* PBXContainerItemProxy */ = {
			isa = PBXContainerItemProxy;
			containerPortal = 3016AE3C1243BEF7002206EE /* MacGPGME.xcodeproj */;
			proxyType = 2;
			remoteGlobalIDString = 554B55C0069F0111005E1C92;
			remoteInfo = MacGPGME;
		};
		3016AE491243BEF7002206EE /* PBXContainerItemProxy */ = {
			isa = PBXContainerItemProxy;
			containerPortal = 3016AE3C1243BEF7002206EE /* MacGPGME.xcodeproj */;
			proxyType = 2;
			remoteGlobalIDString = 554B55EB069F0245005E1C92;
			remoteInfo = GPGTester;
		};
		3016AE4B1243BEF7002206EE /* PBXContainerItemProxy */ = {
			isa = PBXContainerItemProxy;
			containerPortal = 3016AE3C1243BEF7002206EE /* MacGPGME.xcodeproj */;
			proxyType = 2;
			remoteGlobalIDString = 551DF42B0B2886420061FE17;
			remoteInfo = MacGPGMETesting;
		};
		3016AFE41243C4AB002206EE /* PBXContainerItemProxy */ = {
			isa = PBXContainerItemProxy;
			containerPortal = 3016AE3C1243BEF7002206EE /* MacGPGME.xcodeproj */;
			proxyType = 1;
			remoteGlobalIDString = 554B558F069F0111005E1C92;
			remoteInfo = MacGPGME;
		};
/* End PBXContainerItemProxy section */

/* Begin PBXCopyFilesBuildPhase section */
		3046143512427094000F1C04 /* CopyFiles */ = {
			isa = PBXCopyFilesBuildPhase;
			buildActionMask = 2147483647;
			dstPath = "";
			dstSubfolderSpec = 10;
			files = (
				3016AE571243BF4A002206EE /* MacGPGME.framework in CopyFiles */,
			);
			runOnlyForDeploymentPostprocessing = 0;
		};
/* End PBXCopyFilesBuildPhase section */

/* Begin PBXFileReference section */
		089C165DFE840E0CC02AAC07 /* English */ = {isa = PBXFileReference; fileEncoding = 4; lastKnownFileType = text.plist.strings; name = English; path = English.lproj/InfoPlist.strings; sourceTree = "<group>"; };
		1058C7A1FEA54F0111CA2CBB /* Cocoa.framework */ = {isa = PBXFileReference; lastKnownFileType = wrapper.framework; name = Cocoa.framework; path = /System/Library/Frameworks/Cocoa.framework; sourceTree = "<absolute>"; };
		1DDD58150DA1D0A300B32029 /* English */ = {isa = PBXFileReference; lastKnownFileType = file.xib; name = English; path = English.lproj/MainMenu.xib; sourceTree = "<group>"; };
		256AC3D80F4B6AC300CF3369 /* GPGKeychainAccessAppDelegate.h */ = {isa = PBXFileReference; fileEncoding = 4; lastKnownFileType = sourcecode.c.h; path = GPGKeychainAccessAppDelegate.h; sourceTree = "<group>"; };
		256AC3D90F4B6AC300CF3369 /* GPGKeychainAccessAppDelegate.m */ = {isa = PBXFileReference; fileEncoding = 4; lastKnownFileType = sourcecode.c.objc; path = GPGKeychainAccessAppDelegate.m; sourceTree = "<group>"; };
		256AC3F00F4B6AF500CF3369 /* Prefix.pch */ = {isa = PBXFileReference; fileEncoding = 4; lastKnownFileType = sourcecode.c.h; path = Prefix.pch; sourceTree = "<group>"; };
		29B97316FDCFA39411CA2CEA /* main.m */ = {isa = PBXFileReference; fileEncoding = 4; lastKnownFileType = sourcecode.c.objc; path = main.m; sourceTree = "<group>"; };
		3000FEA811F5B88800D6F5F8 /* KeychainController.h */ = {isa = PBXFileReference; fileEncoding = 4; lastKnownFileType = sourcecode.c.h; path = KeychainController.h; sourceTree = "<group>"; };
		3000FEA911F5B88800D6F5F8 /* KeychainController.m */ = {isa = PBXFileReference; fileEncoding = 4; lastKnownFileType = sourcecode.c.objc; path = KeychainController.m; sourceTree = "<group>"; };
		30139A5912475A4A00B8AA01 /* AddressBook.framework */ = {isa = PBXFileReference; lastKnownFileType = wrapper.framework; name = AddressBook.framework; path = System/Library/Frameworks/AddressBook.framework; sourceTree = SDKROOT; };
		3016AE3C1243BEF7002206EE /* MacGPGME.xcodeproj */ = {isa = PBXFileReference; lastKnownFileType = "wrapper.pb-project"; name = MacGPGME.xcodeproj; path = Dependencies/MacGPGME/MacGPGME.xcodeproj; sourceTree = "<group>"; };
		3017C2DC12364D2C001BEAF1 /* SplitViewController.h */ = {isa = PBXFileReference; fileEncoding = 4; lastKnownFileType = sourcecode.c.h; path = SplitViewController.h; sourceTree = "<group>"; };
		3017C2DD12364D2C001BEAF1 /* SplitViewController.m */ = {isa = PBXFileReference; fileEncoding = 4; lastKnownFileType = sourcecode.c.objc; path = SplitViewController.m; sourceTree = "<group>"; };
		30497DEF1214353F00884D59 /* ActionController.h */ = {isa = PBXFileReference; fileEncoding = 4; lastKnownFileType = sourcecode.c.h; path = ActionController.h; sourceTree = "<group>"; };
		30497DF01214353F00884D59 /* ActionController.m */ = {isa = PBXFileReference; fileEncoding = 4; lastKnownFileType = sourcecode.c.objc; path = ActionController.m; sourceTree = "<group>"; };
		305268A912327B9B008540D9 /* English */ = {isa = PBXFileReference; lastKnownFileType = file.xib; name = English; path = English.lproj/ModalSheets.xib; sourceTree = "<group>"; };
		305268E21232A34C008540D9 /* SheetController.m */ = {isa = PBXFileReference; fileEncoding = 4; lastKnownFileType = sourcecode.c.objc; path = SheetController.m; sourceTree = "<group>"; };
		305268E31232A34C008540D9 /* SheetController.h */ = {isa = PBXFileReference; fileEncoding = 4; lastKnownFileType = sourcecode.c.h; path = SheetController.h; sourceTree = "<group>"; };
		30AE575E1243B930009307CC /* MacGPGME.framework */ = {isa = PBXFileReference; lastKnownFileType = wrapper.framework; name = MacGPGME.framework; path = Dependencies/MacGPGME/build/Release/MacGPGME.framework; sourceTree = "<group>"; };
		30C947B41208B8E600A13440 /* KeyInfo.h */ = {isa = PBXFileReference; fileEncoding = 4; lastKnownFileType = sourcecode.c.h; path = KeyInfo.h; sourceTree = "<group>"; };
		30C947B51208B8E600A13440 /* KeyInfo.m */ = {isa = PBXFileReference; fileEncoding = 4; lastKnownFileType = sourcecode.c.objc; path = KeyInfo.m; sourceTree = "<group>"; };
		30C949CF1209E70C00A13440 /* English */ = {isa = PBXFileReference; fileEncoding = 4; lastKnownFileType = text.plist.strings; name = English; path = English.lproj/Localizable.strings; sourceTree = "<group>"; };
		30DAEFB3122818E700F1E98C /* Bekannte Fehler.rtf */ = {isa = PBXFileReference; fileEncoding = 4; lastKnownFileType = text.rtf; path = "Bekannte Fehler.rtf"; sourceTree = "<group>"; };
		30E36FF8122E710300529ED9 /* Globales.h */ = {isa = PBXFileReference; fileEncoding = 4; lastKnownFileType = sourcecode.c.h; path = Globales.h; sourceTree = "<group>"; };
		30E36FF9122E710300529ED9 /* Globales.m */ = {isa = PBXFileReference; fileEncoding = 4; lastKnownFileType = sourcecode.c.objc; path = Globales.m; sourceTree = "<group>"; };
		30EB1CB0120C5F91003BD52F /* Export.tiff */ = {isa = PBXFileReference; lastKnownFileType = image.tiff; path = Export.tiff; sourceTree = "<group>"; };
		30EB1CB1120C5F91003BD52F /* Import.tiff */ = {isa = PBXFileReference; lastKnownFileType = image.tiff; path = Import.tiff; sourceTree = "<group>"; };
		30EB1CBA120C5FEF003BD52F /* Generate.tiff */ = {isa = PBXFileReference; lastKnownFileType = image.tiff; path = Generate.tiff; sourceTree = "<group>"; };
		30EB1E5E120C95CD003BD52F /* GPGKeys.icns */ = {isa = PBXFileReference; lastKnownFileType = image.icns; path = GPGKeys.icns; sourceTree = "<group>"; };
		30ED341E1242461400C311B1 /* COPYING */ = {isa = PBXFileReference; fileEncoding = 4; lastKnownFileType = text; path = COPYING; sourceTree = "<group>"; };
		8D1107310486CEB800E47090 /* Info.plist */ = {isa = PBXFileReference; fileEncoding = 4; lastKnownFileType = text.plist.xml; path = Info.plist; sourceTree = "<group>"; };
		8D1107320486CEB800E47090 /* GPG Keychain Access.app */ = {isa = PBXFileReference; explicitFileType = wrapper.application; includeInIndex = 0; path = "GPG Keychain Access.app"; sourceTree = BUILT_PRODUCTS_DIR; };
/* End PBXFileReference section */

/* Begin PBXFrameworksBuildPhase section */
		8D11072E0486CEB800E47090 /* Frameworks */ = {
			isa = PBXFrameworksBuildPhase;
			buildActionMask = 2147483647;
			files = (
				8D11072F0486CEB800E47090 /* Cocoa.framework in Frameworks */,
				3016AE581243BF50002206EE /* MacGPGME.framework in Frameworks */,
				30139A5A12475A4A00B8AA01 /* AddressBook.framework in Frameworks */,
			);
			runOnlyForDeploymentPostprocessing = 0;
		};
/* End PBXFrameworksBuildPhase section */

/* Begin PBXGroup section */
		080E96DDFE201D6D7F000001 /* Classes */ = {
			isa = PBXGroup;
			children = (
				30497DEF1214353F00884D59 /* ActionController.h */,
				30497DF01214353F00884D59 /* ActionController.m */,
				30E36FF8122E710300529ED9 /* Globales.h */,
				30E36FF9122E710300529ED9 /* Globales.m */,
				256AC3D80F4B6AC300CF3369 /* GPGKeychainAccessAppDelegate.h */,
				256AC3D90F4B6AC300CF3369 /* GPGKeychainAccessAppDelegate.m */,
				3000FEA811F5B88800D6F5F8 /* KeychainController.h */,
				3000FEA911F5B88800D6F5F8 /* KeychainController.m */,
				30C947B41208B8E600A13440 /* KeyInfo.h */,
				30C947B51208B8E600A13440 /* KeyInfo.m */,
				305268E31232A34C008540D9 /* SheetController.h */,
				305268E21232A34C008540D9 /* SheetController.m */,
				3017C2DC12364D2C001BEAF1 /* SplitViewController.h */,
				3017C2DD12364D2C001BEAF1 /* SplitViewController.m */,
			);
			name = Classes;
			sourceTree = "<group>";
		};
		19C28FACFE9D520D11CA2CBB /* Products */ = {
			isa = PBXGroup;
			children = (
				8D1107320486CEB800E47090 /* GPG Keychain Access.app */,
			);
			name = Products;
			sourceTree = "<group>";
		};
		29B97314FDCFA39411CA2CEA /* GPGKeychainAccess */ = {
			isa = PBXGroup;
			children = (
				080E96DDFE201D6D7F000001 /* Classes */,
				29B97315FDCFA39411CA2CEA /* Other Sources */,
				29B97317FDCFA39411CA2CEA /* Resources */,
				30AE57391243B8E9009307CC /* Dependencies */,
				29B97323FDCFA39411CA2CEA /* Frameworks */,
				19C28FACFE9D520D11CA2CBB /* Products */,
			);
			name = GPGKeychainAccess;
			sourceTree = "<group>";
		};
		29B97315FDCFA39411CA2CEA /* Other Sources */ = {
			isa = PBXGroup;
			children = (
				256AC3F00F4B6AF500CF3369 /* Prefix.pch */,
				29B97316FDCFA39411CA2CEA /* main.m */,
			);
			name = "Other Sources";
			sourceTree = "<group>";
		};
		29B97317FDCFA39411CA2CEA /* Resources */ = {
			isa = PBXGroup;
			children = (
				30EB1CB5120C5F96003BD52F /* Images */,
				30285029122FD174002946F8 /* Strings */,
				30ED3446124247BB00C311B1 /* XIB Files */,
				30DAEFB3122818E700F1E98C /* Bekannte Fehler.rtf */,
				30ED341E1242461400C311B1 /* COPYING */,
				8D1107310486CEB800E47090 /* Info.plist */,
			);
			name = Resources;
			sourceTree = "<group>";
		};
		29B97323FDCFA39411CA2CEA /* Frameworks */ = {
			isa = PBXGroup;
			children = (
				1058C7A1FEA54F0111CA2CBB /* Cocoa.framework */,
				30AE575E1243B930009307CC /* MacGPGME.framework */,
				30139A5912475A4A00B8AA01 /* AddressBook.framework */,
			);
			name = Frameworks;
			sourceTree = "<group>";
		};
		3016AE3D1243BEF7002206EE /* Products */ = {
			isa = PBXGroup;
			children = (
				3016AE481243BEF7002206EE /* MacGPGME.framework */,
				3016AE4A1243BEF7002206EE /* GPGTester.app */,
				3016AE4C1243BEF7002206EE /* MacGPGMETesting.octest */,
			);
			name = Products;
			sourceTree = "<group>";
		};
		30285029122FD174002946F8 /* Strings */ = {
			isa = PBXGroup;
			children = (
				089C165CFE840E0CC02AAC07 /* InfoPlist.strings */,
				30C949D11209E71300A13440 /* Localizable.strings */,
			);
			name = Strings;
			sourceTree = "<group>";
		};
		30AE57391243B8E9009307CC /* Dependencies */ = {
			isa = PBXGroup;
			children = (
				3016AE3C1243BEF7002206EE /* MacGPGME.xcodeproj */,
			);
			name = Dependencies;
			sourceTree = "<group>";
		};
		30EB1CB5120C5F96003BD52F /* Images */ = {
			isa = PBXGroup;
			children = (
				30EB1E5E120C95CD003BD52F /* GPGKeys.icns */,
				30EB1CB0120C5F91003BD52F /* Export.tiff */,
				30EB1CBA120C5FEF003BD52F /* Generate.tiff */,
				30EB1CB1120C5F91003BD52F /* Import.tiff */,
			);
			name = Images;
			sourceTree = "<group>";
		};
		30ED3446124247BB00C311B1 /* XIB Files */ = {
			isa = PBXGroup;
			children = (
				1DDD58140DA1D0A300B32029 /* MainMenu.xib */,
				30ED34431242477700C311B1 /* ModalSheets.xib */,
			);
			name = "XIB Files";
			sourceTree = "<group>";
		};
/* End PBXGroup section */

/* Begin PBXNativeTarget section */
		8D1107260486CEB800E47090 /* GPG Keychain Access */ = {
			isa = PBXNativeTarget;
			buildConfigurationList = C01FCF4A08A954540054247B /* Build configuration list for PBXNativeTarget "GPG Keychain Access" */;
			buildPhases = (
				8D1107290486CEB800E47090 /* Resources */,
				8D11072C0486CEB800E47090 /* Sources */,
				8D11072E0486CEB800E47090 /* Frameworks */,
				3046143512427094000F1C04 /* CopyFiles */,
			);
			buildRules = (
			);
			dependencies = (
				3016AFE51243C4AB002206EE /* PBXTargetDependency */,
			);
			name = "GPG Keychain Access";
			productInstallPath = "$(HOME)/Applications";
			productName = GPGKeychainAccess;
			productReference = 8D1107320486CEB800E47090 /* GPG Keychain Access.app */;
			productType = "com.apple.product-type.application";
		};
/* End PBXNativeTarget section */

/* Begin PBXProject section */
		29B97313FDCFA39411CA2CEA /* Project object */ = {
			isa = PBXProject;
			buildConfigurationList = C01FCF4E08A954540054247B /* Build configuration list for PBXProject "GPGKeychainAccess" */;
			compatibilityVersion = "Xcode 3.1";
			hasScannedForEncodings = 1;
			mainGroup = 29B97314FDCFA39411CA2CEA /* GPGKeychainAccess */;
			projectDirPath = "";
			projectReferences = (
				{
					ProductGroup = 3016AE3D1243BEF7002206EE /* Products */;
					ProjectRef = 3016AE3C1243BEF7002206EE /* MacGPGME.xcodeproj */;
				},
			);
			projectRoot = "";
			targets = (
				8D1107260486CEB800E47090 /* GPG Keychain Access */,
			);
		};
/* End PBXProject section */

/* Begin PBXReferenceProxy section */
		3016AE481243BEF7002206EE /* MacGPGME.framework */ = {
			isa = PBXReferenceProxy;
			fileType = wrapper.framework;
			path = MacGPGME.framework;
			remoteRef = 3016AE471243BEF7002206EE /* PBXContainerItemProxy */;
			sourceTree = BUILT_PRODUCTS_DIR;
		};
		3016AE4A1243BEF7002206EE /* GPGTester.app */ = {
			isa = PBXReferenceProxy;
			fileType = wrapper.application;
			path = GPGTester.app;
			remoteRef = 3016AE491243BEF7002206EE /* PBXContainerItemProxy */;
			sourceTree = BUILT_PRODUCTS_DIR;
		};
		3016AE4C1243BEF7002206EE /* MacGPGMETesting.octest */ = {
			isa = PBXReferenceProxy;
			fileType = wrapper.cfbundle;
			path = MacGPGMETesting.octest;
			remoteRef = 3016AE4B1243BEF7002206EE /* PBXContainerItemProxy */;
			sourceTree = BUILT_PRODUCTS_DIR;
		};
/* End PBXReferenceProxy section */

/* Begin PBXResourcesBuildPhase section */
		8D1107290486CEB800E47090 /* Resources */ = {
			isa = PBXResourcesBuildPhase;
			buildActionMask = 2147483647;
			files = (
				30C949D21209E71300A13440 /* Localizable.strings in Resources */,
				8D11072B0486CEB800E47090 /* InfoPlist.strings in Resources */,
				1DDD58160DA1D0A300B32029 /* MainMenu.xib in Resources */,
				30EB1CB2120C5F91003BD52F /* Export.tiff in Resources */,
				30EB1CB3120C5F91003BD52F /* Import.tiff in Resources */,
				30EB1CBB120C5FEF003BD52F /* Generate.tiff in Resources */,
				30EB1E5F120C95CD003BD52F /* GPGKeys.icns in Resources */,
				30DAEFB8122819B600F1E98C /* Bekannte Fehler.rtf in Resources */,
				30ED34441242477700C311B1 /* ModalSheets.xib in Resources */,
				30ED341F1242461400C311B1 /* COPYING in Resources */,
			);
			runOnlyForDeploymentPostprocessing = 0;
		};
/* End PBXResourcesBuildPhase section */

/* Begin PBXSourcesBuildPhase section */
		8D11072C0486CEB800E47090 /* Sources */ = {
			isa = PBXSourcesBuildPhase;
			buildActionMask = 2147483647;
			files = (
				8D11072D0486CEB800E47090 /* main.m in Sources */,
				256AC3DA0F4B6AC300CF3369 /* GPGKeychainAccessAppDelegate.m in Sources */,
				30617F4B121A96DF000198A9 /* KeyInfo.m in Sources */,
				3000FEAA11F5B88800D6F5F8 /* KeychainController.m in Sources */,
				30497DF11214353F00884D59 /* ActionController.m in Sources */,
				30E36FFA122E710300529ED9 /* Globales.m in Sources */,
				305268E41232A34C008540D9 /* SheetController.m in Sources */,
				3017C2DE12364D2C001BEAF1 /* SplitViewController.m in Sources */,
			);
			runOnlyForDeploymentPostprocessing = 0;
		};
/* End PBXSourcesBuildPhase section */

/* Begin PBXTargetDependency section */
		3016AFE51243C4AB002206EE /* PBXTargetDependency */ = {
			isa = PBXTargetDependency;
			name = MacGPGME;
			targetProxy = 3016AFE41243C4AB002206EE /* PBXContainerItemProxy */;
		};
/* End PBXTargetDependency section */

/* Begin PBXVariantGroup section */
		089C165CFE840E0CC02AAC07 /* InfoPlist.strings */ = {
			isa = PBXVariantGroup;
			children = (
				089C165DFE840E0CC02AAC07 /* English */,
			);
			name = InfoPlist.strings;
			sourceTree = "<group>";
		};
		1DDD58140DA1D0A300B32029 /* MainMenu.xib */ = {
			isa = PBXVariantGroup;
			children = (
				1DDD58150DA1D0A300B32029 /* English */,
			);
			name = MainMenu.xib;
			sourceTree = "<group>";
		};
		30C949D11209E71300A13440 /* Localizable.strings */ = {
			isa = PBXVariantGroup;
			children = (
				30C949CF1209E70C00A13440 /* English */,
			);
			name = Localizable.strings;
			sourceTree = "<group>";
		};
		30ED34431242477700C311B1 /* ModalSheets.xib */ = {
			isa = PBXVariantGroup;
			children = (
				305268A912327B9B008540D9 /* English */,
			);
			name = ModalSheets.xib;
			sourceTree = "<group>";
		};
/* End PBXVariantGroup section */

/* Begin XCBuildConfiguration section */
		C01FCF4B08A954540054247B /* Debug */ = {
			isa = XCBuildConfiguration;
			buildSettings = {
				COPY_PHASE_STRIP = NO;
				FRAMEWORK_SEARCH_PATHS = (
					"$(inherited)",
					"\"$(SRCROOT)/Dependencies/MacGPGME/build/Debug\"",
				);
				GCC_DYNAMIC_NO_PIC = NO;
				GCC_ENABLE_FIX_AND_CONTINUE = YES;
				GCC_ENABLE_OBJC_GC = unsupported;
				GCC_MODEL_TUNING = G5;
				GCC_OPTIMIZATION_LEVEL = 0;
				GCC_PRECOMPILE_PREFIX_HEADER = YES;
				GCC_PREFIX_HEADER = Prefix.pch;
				INFOPLIST_FILE = Info.plist;
				INSTALL_PATH = /Applications;
				PRODUCT_NAME = "GPG Keychain Access";
			};
			name = Debug;
		};
		C01FCF4C08A954540054247B /* Release */ = {
			isa = XCBuildConfiguration;
			buildSettings = {
				DEBUG_INFORMATION_FORMAT = "dwarf-with-dsym";
				FRAMEWORK_SEARCH_PATHS = (
					"$(inherited)",
					"\"$(SRCROOT)/Dependencies/MacGPGME/build/Release\"",
				);
				GCC_ENABLE_OBJC_GC = unsupported;
				GCC_MODEL_TUNING = G5;
				GCC_PRECOMPILE_PREFIX_HEADER = YES;
				GCC_PREFIX_HEADER = Prefix.pch;
				INFOPLIST_FILE = Info.plist;
				INSTALL_PATH = /Applications;
				PRODUCT_NAME = "GPG Keychain Access";
			};
			name = Release;
		};
		C01FCF4F08A954540054247B /* Debug */ = {
			isa = XCBuildConfiguration;
			buildSettings = {
				ARCHS = (
					x86_64,
					i386,
				);
				GCC_C_LANGUAGE_STANDARD = gnu99;
				GCC_OPTIMIZATION_LEVEL = 0;
				GCC_PREPROCESSOR_DEFINITIONS = "MAC_OS_X_VERSION_MAX_ALLOWED=1050";
				GCC_WARN_ABOUT_RETURN_TYPE = YES;
				GCC_WARN_UNDECLARED_SELECTOR = YES;
				GCC_WARN_UNUSED_LABEL = YES;
				GCC_WARN_UNUSED_VARIABLE = YES;
				ONLY_ACTIVE_ARCH = YES;
				PREBINDING = NO;
				SDKROOT = macosx10.5;
			};
			name = Debug;
		};
		C01FCF5008A954540054247B /* Release */ = {
			isa = XCBuildConfiguration;
			buildSettings = {
				ARCHS = (
					x86_64,
					i386,
				);
				GCC_C_LANGUAGE_STANDARD = gnu99;
				GCC_PREPROCESSOR_DEFINITIONS = "MAC_OS_X_VERSION_MAX_ALLOWED=1050";
				GCC_WARN_ABOUT_RETURN_TYPE = YES;
				GCC_WARN_UNDECLARED_SELECTOR = YES;
				GCC_WARN_UNUSED_LABEL = YES;
				GCC_WARN_UNUSED_VARIABLE = YES;
				PREBINDING = NO;
				SDKROOT = macosx10.5;
			};
			name = Release;
		};
/* End XCBuildConfiguration section */

/* Begin XCConfigurationList section */
		C01FCF4A08A954540054247B /* Build configuration list for PBXNativeTarget "GPG Keychain Access" */ = {
			isa = XCConfigurationList;
			buildConfigurations = (
				C01FCF4B08A954540054247B /* Debug */,
				C01FCF4C08A954540054247B /* Release */,
			);
			defaultConfigurationIsVisible = 0;
			defaultConfigurationName = Release;
		};
		C01FCF4E08A954540054247B /* Build configuration list for PBXProject "GPGKeychainAccess" */ = {
			isa = XCConfigurationList;
			buildConfigurations = (
				C01FCF4F08A954540054247B /* Debug */,
				C01FCF5008A954540054247B /* Release */,
			);
			defaultConfigurationIsVisible = 0;
			defaultConfigurationName = Release;
		};
/* End XCConfigurationList section */
	};
	rootObject = 29B97313FDCFA39411CA2CEA /* Project object */;
}
